// !$*UTF8*$!
{
	archiveVersion = 1;
	classes = {
	};
	objectVersion = 46;
	objects = {

/* Begin PBXBuildFile section */
		B5F6FEB41D8F884C00CA4404 /* Calculator.m in Sources */ = {isa = PBXBuildFile; fileRef = B5F6FEB31D8F884C00CA4404 /* Calculator.m */; };
		B5F6FEB71D8F8C8900CA4404 /* Convertor.m in Sources */ = {isa = PBXBuildFile; fileRef = B5F6FEB61D8F8C8900CA4404 /* Convertor.m */; };
		B5F6FEBA1D8F94B800CA4404 /* Gesture2.m in Sources */ = {isa = PBXBuildFile; fileRef = B5F6FEB91D8F94B800CA4404 /* Gesture2.m */; };
		B5F6FEBD1D8F94C800CA4404 /* Ship.m in Sources */ = {isa = PBXBuildFile; fileRef = B5F6FEBC1D8F94C800CA4404 /* Ship.m */; };
		B5FFFC4F1C98EF9300C7433C /* main.m in Sources */ = {isa = PBXBuildFile; fileRef = B5FFFC4E1C98EF9300C7433C /* main.m */; };
		B5FFFC521C98EF9300C7433C /* AppDelegate.m in Sources */ = {isa = PBXBuildFile; fileRef = B5FFFC511C98EF9300C7433C /* AppDelegate.m */; };
		B5FFFC551C98EF9300C7433C /* ViewController.m in Sources */ = {isa = PBXBuildFile; fileRef = B5FFFC541C98EF9300C7433C /* ViewController.m */; };
		B5FFFC581C98EF9300C7433C /* Main.storyboard in Resources */ = {isa = PBXBuildFile; fileRef = B5FFFC561C98EF9300C7433C /* Main.storyboard */; };
		B5FFFC5A1C98EF9300C7433C /* Assets.xcassets in Resources */ = {isa = PBXBuildFile; fileRef = B5FFFC591C98EF9300C7433C /* Assets.xcassets */; };
		B5FFFC5D1C98EF9300C7433C /* LaunchScreen.storyboard in Resources */ = {isa = PBXBuildFile; fileRef = B5FFFC5B1C98EF9300C7433C /* LaunchScreen.storyboard */; };
		B5FFFC6B1C98F0E700C7433C /* LessonTable.m in Sources */ = {isa = PBXBuildFile; fileRef = B5FFFC6A1C98F0E700C7433C /* LessonTable.m */; };
/* End PBXBuildFile section */

/* Begin PBXFileReference section */
		B5F6FEB21D8F884C00CA4404 /* Calculator.h */ = {isa = PBXFileReference; fileEncoding = 4; lastKnownFileType = sourcecode.c.h; path = Calculator.h; sourceTree = "<group>"; };
		B5F6FEB31D8F884C00CA4404 /* Calculator.m */ = {isa = PBXFileReference; fileEncoding = 4; lastKnownFileType = sourcecode.c.objc; path = Calculator.m; sourceTree = "<group>"; };
		B5F6FEB51D8F8C8900CA4404 /* Convertor.h */ = {isa = PBXFileReference; fileEncoding = 4; lastKnownFileType = sourcecode.c.h; path = Convertor.h; sourceTree = "<group>"; };
		B5F6FEB61D8F8C8900CA4404 /* Convertor.m */ = {isa = PBXFileReference; fileEncoding = 4; lastKnownFileType = sourcecode.c.objc; path = Convertor.m; sourceTree = "<group>"; };
		B5F6FEB81D8F94B800CA4404 /* Gesture2.h */ = {isa = PBXFileReference; fileEncoding = 4; lastKnownFileType = sourcecode.c.h; path = Gesture2.h; sourceTree = "<group>"; };
		B5F6FEB91D8F94B800CA4404 /* Gesture2.m */ = {isa = PBXFileReference; fileEncoding = 4; lastKnownFileType = sourcecode.c.objc; path = Gesture2.m; sourceTree = "<group>"; };
		B5F6FEBB1D8F94C800CA4404 /* Ship.h */ = {isa = PBXFileReference; fileEncoding = 4; lastKnownFileType = sourcecode.c.h; path = Ship.h; sourceTree = "<group>"; };
		B5F6FEBC1D8F94C800CA4404 /* Ship.m */ = {isa = PBXFileReference; fileEncoding = 4; lastKnownFileType = sourcecode.c.objc; path = Ship.m; sourceTree = "<group>"; };
		B5FFFC4A1C98EF9300C7433C /* overallDemo.app */ = {isa = PBXFileReference; explicitFileType = wrapper.application; includeInIndex = 0; path = overallDemo.app; sourceTree = BUILT_PRODUCTS_DIR; };
		B5FFFC4E1C98EF9300C7433C /* main.m */ = {isa = PBXFileReference; lastKnownFileType = sourcecode.c.objc; path = main.m; sourceTree = "<group>"; };
		B5FFFC501C98EF9300C7433C /* AppDelegate.h */ = {isa = PBXFileReference; lastKnownFileType = sourcecode.c.h; path = AppDelegate.h; sourceTree = "<group>"; };
		B5FFFC511C98EF9300C7433C /* AppDelegate.m */ = {isa = PBXFileReference; lastKnownFileType = sourcecode.c.objc; path = AppDelegate.m; sourceTree = "<group>"; };
		B5FFFC531C98EF9300C7433C /* ViewController.h */ = {isa = PBXFileReference; lastKnownFileType = sourcecode.c.h; path = ViewController.h; sourceTree = "<group>"; };
		B5FFFC541C98EF9300C7433C /* ViewController.m */ = {isa = PBXFileReference; lastKnownFileType = sourcecode.c.objc; path = ViewController.m; sourceTree = "<group>"; };
		B5FFFC571C98EF9300C7433C /* Base */ = {isa = PBXFileReference; lastKnownFileType = file.storyboard; name = Base; path = Base.lproj/Main.storyboard; sourceTree = "<group>"; };
		B5FFFC591C98EF9300C7433C /* Assets.xcassets */ = {isa = PBXFileReference; lastKnownFileType = folder.assetcatalog; path = Assets.xcassets; sourceTree = "<group>"; };
		B5FFFC5C1C98EF9300C7433C /* Base */ = {isa = PBXFileReference; lastKnownFileType = file.storyboard; name = Base; path = Base.lproj/LaunchScreen.storyboard; sourceTree = "<group>"; };
		B5FFFC5E1C98EF9300C7433C /* Info.plist */ = {isa = PBXFileReference; lastKnownFileType = text.plist.xml; path = Info.plist; sourceTree = "<group>"; };
		B5FFFC691C98F0E700C7433C /* LessonTable.h */ = {isa = PBXFileReference; fileEncoding = 4; lastKnownFileType = sourcecode.c.h; path = LessonTable.h; sourceTree = "<group>"; };
		B5FFFC6A1C98F0E700C7433C /* LessonTable.m */ = {isa = PBXFileReference; fileEncoding = 4; lastKnownFileType = sourcecode.c.objc; path = LessonTable.m; sourceTree = "<group>"; };
/* End PBXFileReference section */

/* Begin PBXFrameworksBuildPhase section */
		B5FFFC471C98EF9300C7433C /* Frameworks */ = {
			isa = PBXFrameworksBuildPhase;
			buildActionMask = 2147483647;
			files = (
			);
			runOnlyForDeploymentPostprocessing = 0;
		};
/* End PBXFrameworksBuildPhase section */

/* Begin PBXGroup section */
		B5FFFC411C98EF9200C7433C = {
			isa = PBXGroup;
			children = (
				B5FFFC4C1C98EF9300C7433C /* overallDemo */,
				B5FFFC4B1C98EF9300C7433C /* Products */,
			);
			sourceTree = "<group>";
		};
		B5FFFC4B1C98EF9300C7433C /* Products */ = {
			isa = PBXGroup;
			children = (
				B5FFFC4A1C98EF9300C7433C /* overallDemo.app */,
			);
			name = Products;
			sourceTree = "<group>";
		};
		B5FFFC4C1C98EF9300C7433C /* overallDemo */ = {
			isa = PBXGroup;
			children = (
				B5FFFC641C98EFB900C7433C /* Lesson1 */,
				B5FFFC651C98EFC100C7433C /* Lesson2 */,
				B5FFFC671C98EFE200C7433C /* Lesson3 */,
				B5FFFC681C98EFE700C7433C /* Lesson4 */,
				B5FFFC501C98EF9300C7433C /* AppDelegate.h */,
				B5FFFC511C98EF9300C7433C /* AppDelegate.m */,
				B5FFFC691C98F0E700C7433C /* LessonTable.h */,
				B5FFFC6A1C98F0E700C7433C /* LessonTable.m */,
				B5FFFC531C98EF9300C7433C /* ViewController.h */,
				B5FFFC541C98EF9300C7433C /* ViewController.m */,
				B5FFFC561C98EF9300C7433C /* Main.storyboard */,
				B5FFFC591C98EF9300C7433C /* Assets.xcassets */,
				B5FFFC5B1C98EF9300C7433C /* LaunchScreen.storyboard */,
				B5FFFC5E1C98EF9300C7433C /* Info.plist */,
				B5FFFC4D1C98EF9300C7433C /* Supporting Files */,
			);
			path = overallDemo;
			sourceTree = "<group>";
		};
		B5FFFC4D1C98EF9300C7433C /* Supporting Files */ = {
			isa = PBXGroup;
			children = (
				B5FFFC4E1C98EF9300C7433C /* main.m */,
			);
			name = "Supporting Files";
			sourceTree = "<group>";
		};
		B5FFFC641C98EFB900C7433C /* Lesson1 */ = {
			isa = PBXGroup;
			children = (
				B5F6FEB21D8F884C00CA4404 /* Calculator.h */,
				B5F6FEB31D8F884C00CA4404 /* Calculator.m */,
			);
			name = Lesson1;
			sourceTree = "<group>";
		};
		B5FFFC651C98EFC100C7433C /* Lesson2 */ = {
			isa = PBXGroup;
			children = (
				B5F6FEB51D8F8C8900CA4404 /* Convertor.h */,
				B5F6FEB61D8F8C8900CA4404 /* Convertor.m */,
			);
			name = Lesson2;
			sourceTree = "<group>";
		};
		B5FFFC671C98EFE200C7433C /* Lesson3 */ = {
			isa = PBXGroup;
			children = (
				B5F6FEB81D8F94B800CA4404 /* Gesture2.h */,
				B5F6FEB91D8F94B800CA4404 /* Gesture2.m */,
				B5F6FEBB1D8F94C800CA4404 /* Ship.h */,
				B5F6FEBC1D8F94C800CA4404 /* Ship.m */,
			);
			name = Lesson3;
			sourceTree = "<group>";
		};
		B5FFFC681C98EFE700C7433C /* Lesson4 */ = {
			isa = PBXGroup;
			children = (
			);
			name = Lesson4;
			sourceTree = "<group>";
		};
/* End PBXGroup section */

/* Begin PBXNativeTarget section */
		B5FFFC491C98EF9300C7433C /* overallDemo */ = {
			isa = PBXNativeTarget;
			buildConfigurationList = B5FFFC611C98EF9300C7433C /* Build configuration list for PBXNativeTarget "overallDemo" */;
			buildPhases = (
				B5FFFC461C98EF9300C7433C /* Sources */,
				B5FFFC471C98EF9300C7433C /* Frameworks */,
				B5FFFC481C98EF9300C7433C /* Resources */,
			);
			buildRules = (
			);
			dependencies = (
			);
			name = overallDemo;
			productName = overallDemo;
			productReference = B5FFFC4A1C98EF9300C7433C /* overallDemo.app */;
			productType = "com.apple.product-type.application";
		};
/* End PBXNativeTarget section */

/* Begin PBXProject section */
		B5FFFC421C98EF9200C7433C /* Project object */ = {
			isa = PBXProject;
			attributes = {
				LastUpgradeCheck = 0720;
				ORGANIZATIONNAME = cpttm;
				TargetAttributes = {
					B5FFFC491C98EF9300C7433C = {
						CreatedOnToolsVersion = 7.2.1;
					};
				};
			};
			buildConfigurationList = B5FFFC451C98EF9200C7433C /* Build configuration list for PBXProject "overallDemo" */;
			compatibilityVersion = "Xcode 3.2";
			developmentRegion = English;
			hasScannedForEncodings = 0;
			knownRegions = (
				en,
				Base,
			);
			mainGroup = B5FFFC411C98EF9200C7433C;
			productRefGroup = B5FFFC4B1C98EF9300C7433C /* Products */;
			projectDirPath = "";
			projectRoot = "";
			targets = (
				B5FFFC491C98EF9300C7433C /* overallDemo */,
			);
		};
/* End PBXProject section */

/* Begin PBXResourcesBuildPhase section */
		B5FFFC481C98EF9300C7433C /* Resources */ = {
			isa = PBXResourcesBuildPhase;
			buildActionMask = 2147483647;
			files = (
				B5FFFC5D1C98EF9300C7433C /* LaunchScreen.storyboard in Resources */,
				B5FFFC5A1C98EF9300C7433C /* Assets.xcassets in Resources */,
				B5FFFC581C98EF9300C7433C /* Main.storyboard in Resources */,
			);
			runOnlyForDeploymentPostprocessing = 0;
		};
/* End PBXResourcesBuildPhase section */

/* Begin PBXSourcesBuildPhase section */
		B5FFFC461C98EF9300C7433C /* Sources */ = {
			isa = PBXSourcesBuildPhase;
			buildActionMask = 2147483647;
			files = (
				B5F6FEB71D8F8C8900CA4404 /* Convertor.m in Sources */,
				B5F6FEBA1D8F94B800CA4404 /* Gesture2.m in Sources */,
				B5FFFC6B1C98F0E700C7433C /* LessonTable.m in Sources */,
				B5FFFC551C98EF9300C7433C /* ViewController.m in Sources */,
				B5FFFC521C98EF9300C7433C /* AppDelegate.m in Sources */,
				B5F6FEBD1D8F94C800CA4404 /* Ship.m in Sources */,
				B5FFFC4F1C98EF9300C7433C /* main.m in Sources */,
				B5F6FEB41D8F884C00CA4404 /* Calculator.m in Sources */,
			);
			runOnlyForDeploymentPostprocessing = 0;
		};
/* End PBXSourcesBuildPhase section */

/* Begin PBXVariantGroup section */
		B5FFFC561C98EF9300C7433C /* Main.storyboard */ = {
			isa = PBXVariantGroup;
			children = (
				B5FFFC571C98EF9300C7433C /* Base */,
			);
			name = Main.storyboard;
			sourceTree = "<group>";
		};
		B5FFFC5B1C98EF9300C7433C /* LaunchScreen.storyboard */ = {
			isa = PBXVariantGroup;
			children = (
				B5FFFC5C1C98EF9300C7433C /* Base */,
			);
			name = LaunchScreen.storyboard;
			sourceTree = "<group>";
		};
/* End PBXVariantGroup section */

/* Begin XCBuildConfiguration section */
		B5FFFC5F1C98EF9300C7433C /* Debug */ = {
			isa = XCBuildConfiguration;
			buildSettings = {
				ALWAYS_SEARCH_USER_PATHS = NO;
				CLANG_CXX_LANGUAGE_STANDARD = "gnu++0x";
				CLANG_CXX_LIBRARY = "libc++";
				CLANG_ENABLE_MODULES = YES;
				CLANG_ENABLE_OBJC_ARC = YES;
				CLANG_WARN_BOOL_CONVERSION = YES;
				CLANG_WARN_CONSTANT_CONVERSION = YES;
				CLANG_WARN_DIRECT_OBJC_ISA_USAGE = YES_ERROR;
				CLANG_WARN_EMPTY_BODY = YES;
				CLANG_WARN_ENUM_CONVERSION = YES;
				CLANG_WARN_INT_CONVERSION = YES;
				CLANG_WARN_OBJC_ROOT_CLASS = YES_ERROR;
				CLANG_WARN_UNREACHABLE_CODE = YES;
				CLANG_WARN__DUPLICATE_METHOD_MATCH = YES;
				"CODE_SIGN_IDENTITY[sdk=iphoneos*]" = "iPhone Developer";
				COPY_PHASE_STRIP = NO;
				DEBUG_INFORMATION_FORMAT = dwarf;
				ENABLE_STRICT_OBJC_MSGSEND = YES;
				ENABLE_TESTABILITY = YES;
				GCC_C_LANGUAGE_STANDARD = gnu99;
				GCC_DYNAMIC_NO_PIC = NO;
				GCC_NO_COMMON_BLOCKS = YES;
				GCC_OPTIMIZATION_LEVEL = 0;
				GCC_PREPROCESSOR_DEFINITIONS = (
					"DEBUG=1",
					"$(inherited)",
				);
				GCC_WARN_64_TO_32_BIT_CONVERSION = YES;
				GCC_WARN_ABOUT_RETURN_TYPE = YES_ERROR;
				GCC_WARN_UNDECLARED_SELECTOR = YES;
				GCC_WARN_UNINITIALIZED_AUTOS = YES_AGGRESSIVE;
				GCC_WARN_UNUSED_FUNCTION = YES;
				GCC_WARN_UNUSED_VARIABLE = YES;
				IPHONEOS_DEPLOYMENT_TARGET = 9.2;
				MTL_ENABLE_DEBUG_INFO = YES;
				ONLY_ACTIVE_ARCH = YES;
				SDKROOT = iphoneos;
				TARGETED_DEVICE_FAMILY = "1,2";
			};
			name = Debug;
		};
		B5FFFC601C98EF9300C7433C /* Release */ = {
			isa = XCBuildConfiguration;
			buildSettings = {
				ALWAYS_SEARCH_USER_PATHS = NO;
				CLANG_CXX_LANGUAGE_STANDARD = "gnu++0x";
				CLANG_CXX_LIBRARY = "libc++";
				CLANG_ENABLE_MODULES = YES;
				CLANG_ENABLE_OBJC_ARC = YES;
				CLANG_WARN_BOOL_CONVERSION = YES;
				CLANG_WARN_CONSTANT_CONVERSION = YES;
				CLANG_WARN_DIRECT_OBJC_ISA_USAGE = YES_ERROR;
				CLANG_WARN_EMPTY_BODY = YES;
				CLANG_WARN_ENUM_CONVERSION = YES;
				CLANG_WARN_INT_CONVERSION = YES;
				CLANG_WARN_OBJC_ROOT_CLASS = YES_ERROR;
				CLANG_WARN_UNREACHABLE_CODE = YES;
				CLANG_WARN__DUPLICATE_METHOD_MATCH = YES;
				"CODE_SIGN_IDENTITY[sdk=iphoneos*]" = "iPhone Developer";
				COPY_PHASE_STRIP = NO;
				DEBUG_INFORMATION_FORMAT = "dwarf-with-dsym";
				ENABLE_NS_ASSERTIONS = NO;
				ENABLE_STRICT_OBJC_MSGSEND = YES;
				GCC_C_LANGUAGE_STANDARD = gnu99;
				GCC_NO_COMMON_BLOCKS = YES;
				GCC_WARN_64_TO_32_BIT_CONVERSION = YES;
				GCC_WARN_ABOUT_RETURN_TYPE = YES_ERROR;
				GCC_WARN_UNDECLARED_SELECTOR = YES;
				GCC_WARN_UNINITIALIZED_AUTOS = YES_AGGRESSIVE;
				GCC_WARN_UNUSED_FUNCTION = YES;
				GCC_WARN_UNUSED_VARIABLE = YES;
				IPHONEOS_DEPLOYMENT_TARGET = 9.2;
				MTL_ENABLE_DEBUG_INFO = NO;
				SDKROOT = iphoneos;
				TARGETED_DEVICE_FAMILY = "1,2";
				VALIDATE_PRODUCT = YES;
			};
			name = Release;
		};
		B5FFFC621C98EF9300C7433C /* Debug */ = {
			isa = XCBuildConfiguration;
			buildSettings = {
				ASSETCATALOG_COMPILER_APPICON_NAME = AppIcon;
				INFOPLIST_FILE = overallDemo/Info.plist;
				LD_RUNPATH_SEARCH_PATHS = "$(inherited) @executable_path/Frameworks";
				PRODUCT_BUNDLE_IDENTIFIER = mo.org.cpttm.overallDemo;
				PRODUCT_NAME = "$(TARGET_NAME)";
			};
			name = Debug;
		};
		B5FFFC631C98EF9300C7433C /* Release */ = {
			isa = XCBuildConfiguration;
			buildSettings = {
				ASSETCATALOG_COMPILER_APPICON_NAME = AppIcon;
				INFOPLIST_FILE = overallDemo/Info.plist;
				LD_RUNPATH_SEARCH_PATHS = "$(inherited) @executable_path/Frameworks";
				PRODUCT_BUNDLE_IDENTIFIER = mo.org.cpttm.overallDemo;
				PRODUCT_NAME = "$(TARGET_NAME)";
			};
			name = Release;
		};
/* End XCBuildConfiguration section */

/* Begin XCConfigurationList section */
		B5FFFC451C98EF9200C7433C /* Build configuration list for PBXProject "overallDemo" */ = {
			isa = XCConfigurationList;
			buildConfigurations = (
				B5FFFC5F1C98EF9300C7433C /* Debug */,
				B5FFFC601C98EF9300C7433C /* Release */,
			);
			defaultConfigurationIsVisible = 0;
			defaultConfigurationName = Release;
		};
		B5FFFC611C98EF9300C7433C /* Build configuration list for PBXNativeTarget "overallDemo" */ = {
			isa = XCConfigurationList;
			buildConfigurations = (
				B5FFFC621C98EF9300C7433C /* Debug */,
				B5FFFC631C98EF9300C7433C /* Release */,
			);
			defaultConfigurationIsVisible = 0;
			defaultConfigurationName = Release;
		};
/* End XCConfigurationList section */
	};
	rootObject = B5FFFC421C98EF9200C7433C /* Project object */;
}
