// !$*UTF8*$!
{
	archiveVersion = 1;
	classes = {
	};
	objectVersion = 46;
	objects = {

/* Begin PBXBuildFile section */
		B5F4B1801BCFC1E7005D9256 /* main.m in Sources */ = {isa = PBXBuildFile; fileRef = B5F4B17F1BCFC1E7005D9256 /* main.m */; };
		B5F4B1831BCFC1E7005D9256 /* AppDelegate.m in Sources */ = {isa = PBXBuildFile; fileRef = B5F4B1821BCFC1E7005D9256 /* AppDelegate.m */; };
		B5F4B1861BCFC1E7005D9256 /* ViewController.m in Sources */ = {isa = PBXBuildFile; fileRef = B5F4B1851BCFC1E7005D9256 /* ViewController.m */; };
		B5F4B1891BCFC1E7005D9256 /* Main.storyboard in Resources */ = {isa = PBXBuildFile; fileRef = B5F4B1871BCFC1E7005D9256 /* Main.storyboard */; };
		B5F4B18B1BCFC1E7005D9256 /* Assets.xcassets in Resources */ = {isa = PBXBuildFile; fileRef = B5F4B18A1BCFC1E7005D9256 /* Assets.xcassets */; };
		B5F4B18E1BCFC1E7005D9256 /* LaunchScreen.storyboard in Resources */ = {isa = PBXBuildFile; fileRef = B5F4B18C1BCFC1E7005D9256 /* LaunchScreen.storyboard */; };
		B5F4B1991BCFC1E7005D9256 /* Demo_20151015Tests.m in Sources */ = {isa = PBXBuildFile; fileRef = B5F4B1981BCFC1E7005D9256 /* Demo_20151015Tests.m */; };
		B5F4B1A41BCFC1E7005D9256 /* Demo_20151015UITests.m in Sources */ = {isa = PBXBuildFile; fileRef = B5F4B1A31BCFC1E7005D9256 /* Demo_20151015UITests.m */; };
		B5F4B1B21BCFC236005D9256 /* MapKit.framework in Frameworks */ = {isa = PBXBuildFile; fileRef = B5F4B1B11BCFC236005D9256 /* MapKit.framework */; };
		B5F4B1B41BCFD419005D9256 /* CoreLocation.framework in Frameworks */ = {isa = PBXBuildFile; fileRef = B5F4B1B31BCFD419005D9256 /* CoreLocation.framework */; };
		B5F4B1B71BCFDC2B005D9256 /* WebViewController.m in Sources */ = {isa = PBXBuildFile; fileRef = B5F4B1B61BCFDC2B005D9256 /* WebViewController.m */; settings = {ASSET_TAGS = (); }; };
		B5F4B1BA1BCFDF91005D9256 /* NetworkDataViewController.m in Sources */ = {isa = PBXBuildFile; fileRef = B5F4B1B91BCFDF91005D9256 /* NetworkDataViewController.m */; settings = {ASSET_TAGS = (); }; };
/* End PBXBuildFile section */

/* Begin PBXContainerItemProxy section */
		B5F4B1951BCFC1E7005D9256 /* PBXContainerItemProxy */ = {
			isa = PBXContainerItemProxy;
			containerPortal = B5F4B1731BCFC1E7005D9256 /* Project object */;
			proxyType = 1;
			remoteGlobalIDString = B5F4B17A1BCFC1E7005D9256;
			remoteInfo = Demo_20151015;
		};
		B5F4B1A01BCFC1E7005D9256 /* PBXContainerItemProxy */ = {
			isa = PBXContainerItemProxy;
			containerPortal = B5F4B1731BCFC1E7005D9256 /* Project object */;
			proxyType = 1;
			remoteGlobalIDString = B5F4B17A1BCFC1E7005D9256;
			remoteInfo = Demo_20151015;
		};
/* End PBXContainerItemProxy section */

/* Begin PBXFileReference section */
		B5F4B17B1BCFC1E7005D9256 /* Demo_20151015.app */ = {isa = PBXFileReference; explicitFileType = wrapper.application; includeInIndex = 0; path = Demo_20151015.app; sourceTree = BUILT_PRODUCTS_DIR; };
		B5F4B17F1BCFC1E7005D9256 /* main.m */ = {isa = PBXFileReference; lastKnownFileType = sourcecode.c.objc; path = main.m; sourceTree = "<group>"; };
		B5F4B1811BCFC1E7005D9256 /* AppDelegate.h */ = {isa = PBXFileReference; lastKnownFileType = sourcecode.c.h; path = AppDelegate.h; sourceTree = "<group>"; };
		B5F4B1821BCFC1E7005D9256 /* AppDelegate.m */ = {isa = PBXFileReference; lastKnownFileType = sourcecode.c.objc; path = AppDelegate.m; sourceTree = "<group>"; };
		B5F4B1841BCFC1E7005D9256 /* ViewController.h */ = {isa = PBXFileReference; lastKnownFileType = sourcecode.c.h; path = ViewController.h; sourceTree = "<group>"; };
		B5F4B1851BCFC1E7005D9256 /* ViewController.m */ = {isa = PBXFileReference; lastKnownFileType = sourcecode.c.objc; path = ViewController.m; sourceTree = "<group>"; };
		B5F4B1881BCFC1E7005D9256 /* Base */ = {isa = PBXFileReference; lastKnownFileType = file.storyboard; name = Base; path = Base.lproj/Main.storyboard; sourceTree = "<group>"; };
		B5F4B18A1BCFC1E7005D9256 /* Assets.xcassets */ = {isa = PBXFileReference; lastKnownFileType = folder.assetcatalog; path = Assets.xcassets; sourceTree = "<group>"; };
		B5F4B18D1BCFC1E7005D9256 /* Base */ = {isa = PBXFileReference; lastKnownFileType = file.storyboard; name = Base; path = Base.lproj/LaunchScreen.storyboard; sourceTree = "<group>"; };
		B5F4B18F1BCFC1E7005D9256 /* Info.plist */ = {isa = PBXFileReference; lastKnownFileType = text.plist.xml; path = Info.plist; sourceTree = "<group>"; };
		B5F4B1941BCFC1E7005D9256 /* Demo_20151015Tests.xctest */ = {isa = PBXFileReference; explicitFileType = wrapper.cfbundle; includeInIndex = 0; path = Demo_20151015Tests.xctest; sourceTree = BUILT_PRODUCTS_DIR; };
		B5F4B1981BCFC1E7005D9256 /* Demo_20151015Tests.m */ = {isa = PBXFileReference; lastKnownFileType = sourcecode.c.objc; path = Demo_20151015Tests.m; sourceTree = "<group>"; };
		B5F4B19A1BCFC1E7005D9256 /* Info.plist */ = {isa = PBXFileReference; lastKnownFileType = text.plist.xml; path = Info.plist; sourceTree = "<group>"; };
		B5F4B19F1BCFC1E7005D9256 /* Demo_20151015UITests.xctest */ = {isa = PBXFileReference; explicitFileType = wrapper.cfbundle; includeInIndex = 0; path = Demo_20151015UITests.xctest; sourceTree = BUILT_PRODUCTS_DIR; };
		B5F4B1A31BCFC1E7005D9256 /* Demo_20151015UITests.m */ = {isa = PBXFileReference; lastKnownFileType = sourcecode.c.objc; path = Demo_20151015UITests.m; sourceTree = "<group>"; };
		B5F4B1A51BCFC1E7005D9256 /* Info.plist */ = {isa = PBXFileReference; lastKnownFileType = text.plist.xml; path = Info.plist; sourceTree = "<group>"; };
		B5F4B1B11BCFC236005D9256 /* MapKit.framework */ = {isa = PBXFileReference; lastKnownFileType = wrapper.framework; name = MapKit.framework; path = System/Library/Frameworks/MapKit.framework; sourceTree = SDKROOT; };
		B5F4B1B31BCFD419005D9256 /* CoreLocation.framework */ = {isa = PBXFileReference; lastKnownFileType = wrapper.framework; name = CoreLocation.framework; path = System/Library/Frameworks/CoreLocation.framework; sourceTree = SDKROOT; };
		B5F4B1B51BCFDC2B005D9256 /* WebViewController.h */ = {isa = PBXFileReference; fileEncoding = 4; lastKnownFileType = sourcecode.c.h; path = WebViewController.h; sourceTree = "<group>"; };
		B5F4B1B61BCFDC2B005D9256 /* WebViewController.m */ = {isa = PBXFileReference; fileEncoding = 4; lastKnownFileType = sourcecode.c.objc; path = WebViewController.m; sourceTree = "<group>"; };
		B5F4B1B81BCFDF91005D9256 /* NetworkDataViewController.h */ = {isa = PBXFileReference; fileEncoding = 4; lastKnownFileType = sourcecode.c.h; path = NetworkDataViewController.h; sourceTree = "<group>"; };
		B5F4B1B91BCFDF91005D9256 /* NetworkDataViewController.m */ = {isa = PBXFileReference; fileEncoding = 4; lastKnownFileType = sourcecode.c.objc; path = NetworkDataViewController.m; sourceTree = "<group>"; };
/* End PBXFileReference section */

/* Begin PBXFrameworksBuildPhase section */
		B5F4B1781BCFC1E7005D9256 /* Frameworks */ = {
			isa = PBXFrameworksBuildPhase;
			buildActionMask = 2147483647;
			files = (
				B5F4B1B41BCFD419005D9256 /* CoreLocation.framework in Frameworks */,
				B5F4B1B21BCFC236005D9256 /* MapKit.framework in Frameworks */,
			);
			runOnlyForDeploymentPostprocessing = 0;
		};
		B5F4B1911BCFC1E7005D9256 /* Frameworks */ = {
			isa = PBXFrameworksBuildPhase;
			buildActionMask = 2147483647;
			files = (
			);
			runOnlyForDeploymentPostprocessing = 0;
		};
		B5F4B19C1BCFC1E7005D9256 /* Frameworks */ = {
			isa = PBXFrameworksBuildPhase;
			buildActionMask = 2147483647;
			files = (
			);
			runOnlyForDeploymentPostprocessing = 0;
		};
/* End PBXFrameworksBuildPhase section */

/* Begin PBXGroup section */
		B5F4B1721BCFC1E7005D9256 = {
			isa = PBXGroup;
			children = (
				B5F4B1B31BCFD419005D9256 /* CoreLocation.framework */,
				B5F4B1B11BCFC236005D9256 /* MapKit.framework */,
				B5F4B17D1BCFC1E7005D9256 /* Demo_20151015 */,
				B5F4B1971BCFC1E7005D9256 /* Demo_20151015Tests */,
				B5F4B1A21BCFC1E7005D9256 /* Demo_20151015UITests */,
				B5F4B17C1BCFC1E7005D9256 /* Products */,
			);
			sourceTree = "<group>";
		};
		B5F4B17C1BCFC1E7005D9256 /* Products */ = {
			isa = PBXGroup;
			children = (
				B5F4B17B1BCFC1E7005D9256 /* Demo_20151015.app */,
				B5F4B1941BCFC1E7005D9256 /* Demo_20151015Tests.xctest */,
				B5F4B19F1BCFC1E7005D9256 /* Demo_20151015UITests.xctest */,
			);
			name = Products;
			sourceTree = "<group>";
		};
		B5F4B17D1BCFC1E7005D9256 /* Demo_20151015 */ = {
			isa = PBXGroup;
			children = (
				B5F4B1811BCFC1E7005D9256 /* AppDelegate.h */,
				B5F4B1821BCFC1E7005D9256 /* AppDelegate.m */,
				B5F4B1841BCFC1E7005D9256 /* ViewController.h */,
				B5F4B1851BCFC1E7005D9256 /* ViewController.m */,
				B5F4B1B51BCFDC2B005D9256 /* WebViewController.h */,
				B5F4B1B61BCFDC2B005D9256 /* WebViewController.m */,
				B5F4B1B81BCFDF91005D9256 /* NetworkDataViewController.h */,
				B5F4B1B91BCFDF91005D9256 /* NetworkDataViewController.m */,
				B5F4B1871BCFC1E7005D9256 /* Main.storyboard */,
				B5F4B18A1BCFC1E7005D9256 /* Assets.xcassets */,
				B5F4B18C1BCFC1E7005D9256 /* LaunchScreen.storyboard */,
				B5F4B18F1BCFC1E7005D9256 /* Info.plist */,
				B5F4B17E1BCFC1E7005D9256 /* Supporting Files */,
			);
			path = Demo_20151015;
			sourceTree = "<group>";
		};
		B5F4B17E1BCFC1E7005D9256 /* Supporting Files */ = {
			isa = PBXGroup;
			children = (
				B5F4B17F1BCFC1E7005D9256 /* main.m */,
			);
			name = "Supporting Files";
			sourceTree = "<group>";
		};
		B5F4B1971BCFC1E7005D9256 /* Demo_20151015Tests */ = {
			isa = PBXGroup;
			children = (
				B5F4B1981BCFC1E7005D9256 /* Demo_20151015Tests.m */,
				B5F4B19A1BCFC1E7005D9256 /* Info.plist */,
			);
			path = Demo_20151015Tests;
			sourceTree = "<group>";
		};
		B5F4B1A21BCFC1E7005D9256 /* Demo_20151015UITests */ = {
			isa = PBXGroup;
			children = (
				B5F4B1A31BCFC1E7005D9256 /* Demo_20151015UITests.m */,
				B5F4B1A51BCFC1E7005D9256 /* Info.plist */,
			);
			path = Demo_20151015UITests;
			sourceTree = "<group>";
		};
/* End PBXGroup section */

/* Begin PBXNativeTarget section */
		B5F4B17A1BCFC1E7005D9256 /* Demo_20151015 */ = {
			isa = PBXNativeTarget;
			buildConfigurationList = B5F4B1A81BCFC1E7005D9256 /* Build configuration list for PBXNativeTarget "Demo_20151015" */;
			buildPhases = (
				B5F4B1771BCFC1E7005D9256 /* Sources */,
				B5F4B1781BCFC1E7005D9256 /* Frameworks */,
				B5F4B1791BCFC1E7005D9256 /* Resources */,
			);
			buildRules = (
			);
			dependencies = (
			);
			name = Demo_20151015;
			productName = Demo_20151015;
			productReference = B5F4B17B1BCFC1E7005D9256 /* Demo_20151015.app */;
			productType = "com.apple.product-type.application";
		};
		B5F4B1931BCFC1E7005D9256 /* Demo_20151015Tests */ = {
			isa = PBXNativeTarget;
			buildConfigurationList = B5F4B1AB1BCFC1E7005D9256 /* Build configuration list for PBXNativeTarget "Demo_20151015Tests" */;
			buildPhases = (
				B5F4B1901BCFC1E7005D9256 /* Sources */,
				B5F4B1911BCFC1E7005D9256 /* Frameworks */,
				B5F4B1921BCFC1E7005D9256 /* Resources */,
			);
			buildRules = (
			);
			dependencies = (
				B5F4B1961BCFC1E7005D9256 /* PBXTargetDependency */,
			);
			name = Demo_20151015Tests;
			productName = Demo_20151015Tests;
			productReference = B5F4B1941BCFC1E7005D9256 /* Demo_20151015Tests.xctest */;
			productType = "com.apple.product-type.bundle.unit-test";
		};
		B5F4B19E1BCFC1E7005D9256 /* Demo_20151015UITests */ = {
			isa = PBXNativeTarget;
			buildConfigurationList = B5F4B1AE1BCFC1E7005D9256 /* Build configuration list for PBXNativeTarget "Demo_20151015UITests" */;
			buildPhases = (
				B5F4B19B1BCFC1E7005D9256 /* Sources */,
				B5F4B19C1BCFC1E7005D9256 /* Frameworks */,
				B5F4B19D1BCFC1E7005D9256 /* Resources */,
			);
			buildRules = (
			);
			dependencies = (
				B5F4B1A11BCFC1E7005D9256 /* PBXTargetDependency */,
			);
			name = Demo_20151015UITests;
			productName = Demo_20151015UITests;
			productReference = B5F4B19F1BCFC1E7005D9256 /* Demo_20151015UITests.xctest */;
			productType = "com.apple.product-type.bundle.ui-testing";
		};
/* End PBXNativeTarget section */

/* Begin PBXProject section */
		B5F4B1731BCFC1E7005D9256 /* Project object */ = {
			isa = PBXProject;
			attributes = {
				LastUpgradeCheck = 0700;
				ORGANIZATIONNAME = cpttm;
				TargetAttributes = {
					B5F4B17A1BCFC1E7005D9256 = {
						CreatedOnToolsVersion = 7.0;
					};
					B5F4B1931BCFC1E7005D9256 = {
						CreatedOnToolsVersion = 7.0;
						TestTargetID = B5F4B17A1BCFC1E7005D9256;
					};
					B5F4B19E1BCFC1E7005D9256 = {
						CreatedOnToolsVersion = 7.0;
						TestTargetID = B5F4B17A1BCFC1E7005D9256;
					};
				};
			};
			buildConfigurationList = B5F4B1761BCFC1E7005D9256 /* Build configuration list for PBXProject "Demo_20151015" */;
			compatibilityVersion = "Xcode 3.2";
			developmentRegion = English;
			hasScannedForEncodings = 0;
			knownRegions = (
				en,
				Base,
			);
			mainGroup = B5F4B1721BCFC1E7005D9256;
			productRefGroup = B5F4B17C1BCFC1E7005D9256 /* Products */;
			projectDirPath = "";
			projectRoot = "";
			targets = (
				B5F4B17A1BCFC1E7005D9256 /* Demo_20151015 */,
				B5F4B1931BCFC1E7005D9256 /* Demo_20151015Tests */,
				B5F4B19E1BCFC1E7005D9256 /* Demo_20151015UITests */,
			);
		};
/* End PBXProject section */

/* Begin PBXResourcesBuildPhase section */
		B5F4B1791BCFC1E7005D9256 /* Resources */ = {
			isa = PBXResourcesBuildPhase;
			buildActionMask = 2147483647;
			files = (
				B5F4B18E1BCFC1E7005D9256 /* LaunchScreen.storyboard in Resources */,
				B5F4B18B1BCFC1E7005D9256 /* Assets.xcassets in Resources */,
				B5F4B1891BCFC1E7005D9256 /* Main.storyboard in Resources */,
			);
			runOnlyForDeploymentPostprocessing = 0;
		};
		B5F4B1921BCFC1E7005D9256 /* Resources */ = {
			isa = PBXResourcesBuildPhase;
			buildActionMask = 2147483647;
			files = (
			);
			runOnlyForDeploymentPostprocessing = 0;
		};
		B5F4B19D1BCFC1E7005D9256 /* Resources */ = {
			isa = PBXResourcesBuildPhase;
			buildActionMask = 2147483647;
			files = (
			);
			runOnlyForDeploymentPostprocessing = 0;
		};
/* End PBXResourcesBuildPhase section */

/* Begin PBXSourcesBuildPhase section */
		B5F4B1771BCFC1E7005D9256 /* Sources */ = {
			isa = PBXSourcesBuildPhase;
			buildActionMask = 2147483647;
			files = (
				B5F4B1861BCFC1E7005D9256 /* ViewController.m in Sources */,
				B5F4B1BA1BCFDF91005D9256 /* NetworkDataViewController.m in Sources */,
				B5F4B1831BCFC1E7005D9256 /* AppDelegate.m in Sources */,
				B5F4B1801BCFC1E7005D9256 /* main.m in Sources */,
				B5F4B1B71BCFDC2B005D9256 /* WebViewController.m in Sources */,
			);
			runOnlyForDeploymentPostprocessing = 0;
		};
		B5F4B1901BCFC1E7005D9256 /* Sources */ = {
			isa = PBXSourcesBuildPhase;
			buildActionMask = 2147483647;
			files = (
				B5F4B1991BCFC1E7005D9256 /* Demo_20151015Tests.m in Sources */,
			);
			runOnlyForDeploymentPostprocessing = 0;
		};
		B5F4B19B1BCFC1E7005D9256 /* Sources */ = {
			isa = PBXSourcesBuildPhase;
			buildActionMask = 2147483647;
			files = (
				B5F4B1A41BCFC1E7005D9256 /* Demo_20151015UITests.m in Sources */,
			);
			runOnlyForDeploymentPostprocessing = 0;
		};
/* End PBXSourcesBuildPhase section */

/* Begin PBXTargetDependency section */
		B5F4B1961BCFC1E7005D9256 /* PBXTargetDependency */ = {
			isa = PBXTargetDependency;
			target = B5F4B17A1BCFC1E7005D9256 /* Demo_20151015 */;
			targetProxy = B5F4B1951BCFC1E7005D9256 /* PBXContainerItemProxy */;
		};
		B5F4B1A11BCFC1E7005D9256 /* PBXTargetDependency */ = {
			isa = PBXTargetDependency;
			target = B5F4B17A1BCFC1E7005D9256 /* Demo_20151015 */;
			targetProxy = B5F4B1A01BCFC1E7005D9256 /* PBXContainerItemProxy */;
		};
/* End PBXTargetDependency section */

/* Begin PBXVariantGroup section */
		B5F4B1871BCFC1E7005D9256 /* Main.storyboard */ = {
			isa = PBXVariantGroup;
			children = (
				B5F4B1881BCFC1E7005D9256 /* Base */,
			);
			name = Main.storyboard;
			sourceTree = "<group>";
		};
		B5F4B18C1BCFC1E7005D9256 /* LaunchScreen.storyboard */ = {
			isa = PBXVariantGroup;
			children = (
				B5F4B18D1BCFC1E7005D9256 /* Base */,
			);
			name = LaunchScreen.storyboard;
			sourceTree = "<group>";
		};
/* End PBXVariantGroup section */

/* Begin XCBuildConfiguration section */
		B5F4B1A61BCFC1E7005D9256 /* Debug */ = {
			isa = XCBuildConfiguration;
			buildSettings = {
				ALWAYS_SEARCH_USER_PATHS = NO;
				CLANG_CXX_LANGUAGE_STANDARD = "gnu++0x";
				CLANG_CXX_LIBRARY = "libc++";
				CLANG_ENABLE_MODULES = YES;
				CLANG_ENABLE_OBJC_ARC = YES;
				CLANG_WARN_BOOL_CONVERSION = YES;
				CLANG_WARN_CONSTANT_CONVERSION = YES;
				CLANG_WARN_DIRECT_OBJC_ISA_USAGE = YES_ERROR;
				CLANG_WARN_EMPTY_BODY = YES;
				CLANG_WARN_ENUM_CONVERSION = YES;
				CLANG_WARN_INT_CONVERSION = YES;
				CLANG_WARN_OBJC_ROOT_CLASS = YES_ERROR;
				CLANG_WARN_UNREACHABLE_CODE = YES;
				CLANG_WARN__DUPLICATE_METHOD_MATCH = YES;
				"CODE_SIGN_IDENTITY[sdk=iphoneos*]" = "iPhone Developer";
				COPY_PHASE_STRIP = NO;
				DEBUG_INFORMATION_FORMAT = dwarf;
				ENABLE_STRICT_OBJC_MSGSEND = YES;
				ENABLE_TESTABILITY = YES;
				GCC_C_LANGUAGE_STANDARD = gnu99;
				GCC_DYNAMIC_NO_PIC = NO;
				GCC_NO_COMMON_BLOCKS = YES;
				GCC_OPTIMIZATION_LEVEL = 0;
				GCC_PREPROCESSOR_DEFINITIONS = (
					"DEBUG=1",
					"$(inherited)",
				);
				GCC_WARN_64_TO_32_BIT_CONVERSION = YES;
				GCC_WARN_ABOUT_RETURN_TYPE = YES_ERROR;
				GCC_WARN_UNDECLARED_SELECTOR = YES;
				GCC_WARN_UNINITIALIZED_AUTOS = YES_AGGRESSIVE;
				GCC_WARN_UNUSED_FUNCTION = YES;
				GCC_WARN_UNUSED_VARIABLE = YES;
				IPHONEOS_DEPLOYMENT_TARGET = 9.0;
				MTL_ENABLE_DEBUG_INFO = YES;
				ONLY_ACTIVE_ARCH = YES;
				SDKROOT = iphoneos;
			};
			name = Debug;
		};
		B5F4B1A71BCFC1E7005D9256 /* Release */ = {
			isa = XCBuildConfiguration;
			buildSettings = {
				ALWAYS_SEARCH_USER_PATHS = NO;
				CLANG_CXX_LANGUAGE_STANDARD = "gnu++0x";
				CLANG_CXX_LIBRARY = "libc++";
				CLANG_ENABLE_MODULES = YES;
				CLANG_ENABLE_OBJC_ARC = YES;
				CLANG_WARN_BOOL_CONVERSION = YES;
				CLANG_WARN_CONSTANT_CONVERSION = YES;
				CLANG_WARN_DIRECT_OBJC_ISA_USAGE = YES_ERROR;
				CLANG_WARN_EMPTY_BODY = YES;
				CLANG_WARN_ENUM_CONVERSION = YES;
				CLANG_WARN_INT_CONVERSION = YES;
				CLANG_WARN_OBJC_ROOT_CLASS = YES_ERROR;
				CLANG_WARN_UNREACHABLE_CODE = YES;
				CLANG_WARN__DUPLICATE_METHOD_MATCH = YES;
				"CODE_SIGN_IDENTITY[sdk=iphoneos*]" = "iPhone Developer";
				COPY_PHASE_STRIP = NO;
				DEBUG_INFORMATION_FORMAT = "dwarf-with-dsym";
				ENABLE_NS_ASSERTIONS = NO;
				ENABLE_STRICT_OBJC_MSGSEND = YES;
				GCC_C_LANGUAGE_STANDARD = gnu99;
				GCC_NO_COMMON_BLOCKS = YES;
				GCC_WARN_64_TO_32_BIT_CONVERSION = YES;
				GCC_WARN_ABOUT_RETURN_TYPE = YES_ERROR;
				GCC_WARN_UNDECLARED_SELECTOR = YES;
				GCC_WARN_UNINITIALIZED_AUTOS = YES_AGGRESSIVE;
				GCC_WARN_UNUSED_FUNCTION = YES;
				GCC_WARN_UNUSED_VARIABLE = YES;
				IPHONEOS_DEPLOYMENT_TARGET = 9.0;
				MTL_ENABLE_DEBUG_INFO = NO;
				SDKROOT = iphoneos;
				VALIDATE_PRODUCT = YES;
			};
			name = Release;
		};
		B5F4B1A91BCFC1E7005D9256 /* Debug */ = {
			isa = XCBuildConfiguration;
			buildSettings = {
				ASSETCATALOG_COMPILER_APPICON_NAME = AppIcon;
				INFOPLIST_FILE = Demo_20151015/Info.plist;
				LD_RUNPATH_SEARCH_PATHS = "$(inherited) @executable_path/Frameworks";
				PRODUCT_BUNDLE_IDENTIFIER = "mo.gov.cpttm.Demo-20151015";
				PRODUCT_NAME = "$(TARGET_NAME)";
			};
			name = Debug;
		};
		B5F4B1AA1BCFC1E7005D9256 /* Release */ = {
			isa = XCBuildConfiguration;
			buildSettings = {
				ASSETCATALOG_COMPILER_APPICON_NAME = AppIcon;
				INFOPLIST_FILE = Demo_20151015/Info.plist;
				LD_RUNPATH_SEARCH_PATHS = "$(inherited) @executable_path/Frameworks";
				PRODUCT_BUNDLE_IDENTIFIER = "mo.gov.cpttm.Demo-20151015";
				PRODUCT_NAME = "$(TARGET_NAME)";
			};
			name = Release;
		};
		B5F4B1AC1BCFC1E7005D9256 /* Debug */ = {
			isa = XCBuildConfiguration;
			buildSettings = {
				BUNDLE_LOADER = "$(TEST_HOST)";
				INFOPLIST_FILE = Demo_20151015Tests/Info.plist;
				LD_RUNPATH_SEARCH_PATHS = "$(inherited) @executable_path/Frameworks @loader_path/Frameworks";
				PRODUCT_BUNDLE_IDENTIFIER = "mo.gov.cpttm.Demo-20151015Tests";
				PRODUCT_NAME = "$(TARGET_NAME)";
				TEST_HOST = "$(BUILT_PRODUCTS_DIR)/Demo_20151015.app/Demo_20151015";
			};
			name = Debug;
		};
		B5F4B1AD1BCFC1E7005D9256 /* Release */ = {
			isa = XCBuildConfiguration;
			buildSettings = {
				BUNDLE_LOADER = "$(TEST_HOST)";
				INFOPLIST_FILE = Demo_20151015Tests/Info.plist;
				LD_RUNPATH_SEARCH_PATHS = "$(inherited) @executable_path/Frameworks @loader_path/Frameworks";
				PRODUCT_BUNDLE_IDENTIFIER = "mo.gov.cpttm.Demo-20151015Tests";
				PRODUCT_NAME = "$(TARGET_NAME)";
				TEST_HOST = "$(BUILT_PRODUCTS_DIR)/Demo_20151015.app/Demo_20151015";
			};
			name = Release;
		};
		B5F4B1AF1BCFC1E7005D9256 /* Debug */ = {
			isa = XCBuildConfiguration;
			buildSettings = {
				INFOPLIST_FILE = Demo_20151015UITests/Info.plist;
				LD_RUNPATH_SEARCH_PATHS = "$(inherited) @executable_path/Frameworks @loader_path/Frameworks";
				PRODUCT_BUNDLE_IDENTIFIER = "mo.gov.cpttm.Demo-20151015UITests";
				PRODUCT_NAME = "$(TARGET_NAME)";
				TEST_TARGET_NAME = Demo_20151015;
				USES_XCTRUNNER = YES;
			};
			name = Debug;
		};
		B5F4B1B01BCFC1E7005D9256 /* Release */ = {
			isa = XCBuildConfiguration;
			buildSettings = {
				INFOPLIST_FILE = Demo_20151015UITests/Info.plist;
				LD_RUNPATH_SEARCH_PATHS = "$(inherited) @executable_path/Frameworks @loader_path/Frameworks";
				PRODUCT_BUNDLE_IDENTIFIER = "mo.gov.cpttm.Demo-20151015UITests";
				PRODUCT_NAME = "$(TARGET_NAME)";
				TEST_TARGET_NAME = Demo_20151015;
				USES_XCTRUNNER = YES;
			};
			name = Release;
		};
/* End XCBuildConfiguration section */

/* Begin XCConfigurationList section */
		B5F4B1761BCFC1E7005D9256 /* Build configuration list for PBXProject "Demo_20151015" */ = {
			isa = XCConfigurationList;
			buildConfigurations = (
				B5F4B1A61BCFC1E7005D9256 /* Debug */,
				B5F4B1A71BCFC1E7005D9256 /* Release */,
			);
			defaultConfigurationIsVisible = 0;
			defaultConfigurationName = Release;
		};
		B5F4B1A81BCFC1E7005D9256 /* Build configuration list for PBXNativeTarget "Demo_20151015" */ = {
			isa = XCConfigurationList;
			buildConfigurations = (
				B5F4B1A91BCFC1E7005D9256 /* Debug */,
				B5F4B1AA1BCFC1E7005D9256 /* Release */,
			);
			defaultConfigurationIsVisible = 0;
		};
		B5F4B1AB1BCFC1E7005D9256 /* Build configuration list for PBXNativeTarget "Demo_20151015Tests" */ = {
			isa = XCConfigurationList;
			buildConfigurations = (
				B5F4B1AC1BCFC1E7005D9256 /* Debug */,
				B5F4B1AD1BCFC1E7005D9256 /* Release */,
			);
			defaultConfigurationIsVisible = 0;
		};
		B5F4B1AE1BCFC1E7005D9256 /* Build configuration list for PBXNativeTarget "Demo_20151015UITests" */ = {
			isa = XCConfigurationList;
			buildConfigurations = (
				B5F4B1AF1BCFC1E7005D9256 /* Debug */,
				B5F4B1B01BCFC1E7005D9256 /* Release */,
			);
			defaultConfigurationIsVisible = 0;
		};
/* End XCConfigurationList section */
	};
	rootObject = B5F4B1731BCFC1E7005D9256 /* Project object */;
}
