// !$*UTF8*$!
{
	archiveVersion = 1;
	classes = {
	};
	objectVersion = 46;
	objects = {

/* Begin PBXBuildFile section */
		B5CB66441B4E88E800350DA6 /* main.m in Sources */ = {isa = PBXBuildFile; fileRef = B5CB66431B4E88E800350DA6 /* main.m */; };
		B5CB66471B4E88E800350DA6 /* AppDelegate.m in Sources */ = {isa = PBXBuildFile; fileRef = B5CB66461B4E88E800350DA6 /* AppDelegate.m */; };
		B5CB664A1B4E88E800350DA6 /* ViewController.m in Sources */ = {isa = PBXBuildFile; fileRef = B5CB66491B4E88E800350DA6 /* ViewController.m */; };
		B5CB664D1B4E88E800350DA6 /* Main.storyboard in Resources */ = {isa = PBXBuildFile; fileRef = B5CB664B1B4E88E800350DA6 /* Main.storyboard */; };
		B5CB664F1B4E88E800350DA6 /* Images.xcassets in Resources */ = {isa = PBXBuildFile; fileRef = B5CB664E1B4E88E800350DA6 /* Images.xcassets */; };
		B5CB66521B4E88E800350DA6 /* LaunchScreen.xib in Resources */ = {isa = PBXBuildFile; fileRef = B5CB66501B4E88E800350DA6 /* LaunchScreen.xib */; };
		B5CB665E1B4E88E800350DA6 /* animationDemoTests.m in Sources */ = {isa = PBXBuildFile; fileRef = B5CB665D1B4E88E800350DA6 /* animationDemoTests.m */; };
/* End PBXBuildFile section */

/* Begin PBXContainerItemProxy section */
		B5CB66581B4E88E800350DA6 /* PBXContainerItemProxy */ = {
			isa = PBXContainerItemProxy;
			containerPortal = B5CB66361B4E88E800350DA6 /* Project object */;
			proxyType = 1;
			remoteGlobalIDString = B5CB663D1B4E88E800350DA6;
			remoteInfo = animationDemo;
		};
/* End PBXContainerItemProxy section */

/* Begin PBXFileReference section */
		B5CB663E1B4E88E800350DA6 /* animationDemo.app */ = {isa = PBXFileReference; explicitFileType = wrapper.application; includeInIndex = 0; path = animationDemo.app; sourceTree = BUILT_PRODUCTS_DIR; };
		B5CB66421B4E88E800350DA6 /* Info.plist */ = {isa = PBXFileReference; lastKnownFileType = text.plist.xml; path = Info.plist; sourceTree = "<group>"; };
		B5CB66431B4E88E800350DA6 /* main.m */ = {isa = PBXFileReference; lastKnownFileType = sourcecode.c.objc; path = main.m; sourceTree = "<group>"; };
		B5CB66451B4E88E800350DA6 /* AppDelegate.h */ = {isa = PBXFileReference; lastKnownFileType = sourcecode.c.h; path = AppDelegate.h; sourceTree = "<group>"; };
		B5CB66461B4E88E800350DA6 /* AppDelegate.m */ = {isa = PBXFileReference; lastKnownFileType = sourcecode.c.objc; path = AppDelegate.m; sourceTree = "<group>"; };
		B5CB66481B4E88E800350DA6 /* ViewController.h */ = {isa = PBXFileReference; lastKnownFileType = sourcecode.c.h; path = ViewController.h; sourceTree = "<group>"; };
		B5CB66491B4E88E800350DA6 /* ViewController.m */ = {isa = PBXFileReference; lastKnownFileType = sourcecode.c.objc; path = ViewController.m; sourceTree = "<group>"; };
		B5CB664C1B4E88E800350DA6 /* Base */ = {isa = PBXFileReference; lastKnownFileType = file.storyboard; name = Base; path = Base.lproj/Main.storyboard; sourceTree = "<group>"; };
		B5CB664E1B4E88E800350DA6 /* Images.xcassets */ = {isa = PBXFileReference; lastKnownFileType = folder.assetcatalog; path = Images.xcassets; sourceTree = "<group>"; };
		B5CB66511B4E88E800350DA6 /* Base */ = {isa = PBXFileReference; lastKnownFileType = file.xib; name = Base; path = Base.lproj/LaunchScreen.xib; sourceTree = "<group>"; };
		B5CB66571B4E88E800350DA6 /* animationDemoTests.xctest */ = {isa = PBXFileReference; explicitFileType = wrapper.cfbundle; includeInIndex = 0; path = animationDemoTests.xctest; sourceTree = BUILT_PRODUCTS_DIR; };
		B5CB665C1B4E88E800350DA6 /* Info.plist */ = {isa = PBXFileReference; lastKnownFileType = text.plist.xml; path = Info.plist; sourceTree = "<group>"; };
		B5CB665D1B4E88E800350DA6 /* animationDemoTests.m */ = {isa = PBXFileReference; lastKnownFileType = sourcecode.c.objc; path = animationDemoTests.m; sourceTree = "<group>"; };
/* End PBXFileReference section */

/* Begin PBXFrameworksBuildPhase section */
		B5CB663B1B4E88E800350DA6 /* Frameworks */ = {
			isa = PBXFrameworksBuildPhase;
			buildActionMask = 2147483647;
			files = (
			);
			runOnlyForDeploymentPostprocessing = 0;
		};
		B5CB66541B4E88E800350DA6 /* Frameworks */ = {
			isa = PBXFrameworksBuildPhase;
			buildActionMask = 2147483647;
			files = (
			);
			runOnlyForDeploymentPostprocessing = 0;
		};
/* End PBXFrameworksBuildPhase section */

/* Begin PBXGroup section */
		B5CB66351B4E88E800350DA6 = {
			isa = PBXGroup;
			children = (
				B5CB66401B4E88E800350DA6 /* animationDemo */,
				B5CB665A1B4E88E800350DA6 /* animationDemoTests */,
				B5CB663F1B4E88E800350DA6 /* Products */,
			);
			sourceTree = "<group>";
		};
		B5CB663F1B4E88E800350DA6 /* Products */ = {
			isa = PBXGroup;
			children = (
				B5CB663E1B4E88E800350DA6 /* animationDemo.app */,
				B5CB66571B4E88E800350DA6 /* animationDemoTests.xctest */,
			);
			name = Products;
			sourceTree = "<group>";
		};
		B5CB66401B4E88E800350DA6 /* animationDemo */ = {
			isa = PBXGroup;
			children = (
				B5CB66451B4E88E800350DA6 /* AppDelegate.h */,
				B5CB66461B4E88E800350DA6 /* AppDelegate.m */,
				B5CB66481B4E88E800350DA6 /* ViewController.h */,
				B5CB66491B4E88E800350DA6 /* ViewController.m */,
				B5CB664B1B4E88E800350DA6 /* Main.storyboard */,
				B5CB664E1B4E88E800350DA6 /* Images.xcassets */,
				B5CB66501B4E88E800350DA6 /* LaunchScreen.xib */,
				B5CB66411B4E88E800350DA6 /* Supporting Files */,
			);
			path = animationDemo;
			sourceTree = "<group>";
		};
		B5CB66411B4E88E800350DA6 /* Supporting Files */ = {
			isa = PBXGroup;
			children = (
				B5CB66421B4E88E800350DA6 /* Info.plist */,
				B5CB66431B4E88E800350DA6 /* main.m */,
			);
			name = "Supporting Files";
			sourceTree = "<group>";
		};
		B5CB665A1B4E88E800350DA6 /* animationDemoTests */ = {
			isa = PBXGroup;
			children = (
				B5CB665D1B4E88E800350DA6 /* animationDemoTests.m */,
				B5CB665B1B4E88E800350DA6 /* Supporting Files */,
			);
			path = animationDemoTests;
			sourceTree = "<group>";
		};
		B5CB665B1B4E88E800350DA6 /* Supporting Files */ = {
			isa = PBXGroup;
			children = (
				B5CB665C1B4E88E800350DA6 /* Info.plist */,
			);
			name = "Supporting Files";
			sourceTree = "<group>";
		};
/* End PBXGroup section */

/* Begin PBXNativeTarget section */
		B5CB663D1B4E88E800350DA6 /* animationDemo */ = {
			isa = PBXNativeTarget;
			buildConfigurationList = B5CB66611B4E88E800350DA6 /* Build configuration list for PBXNativeTarget "animationDemo" */;
			buildPhases = (
				B5CB663A1B4E88E800350DA6 /* Sources */,
				B5CB663B1B4E88E800350DA6 /* Frameworks */,
				B5CB663C1B4E88E800350DA6 /* Resources */,
			);
			buildRules = (
			);
			dependencies = (
			);
			name = animationDemo;
			productName = animationDemo;
			productReference = B5CB663E1B4E88E800350DA6 /* animationDemo.app */;
			productType = "com.apple.product-type.application";
		};
		B5CB66561B4E88E800350DA6 /* animationDemoTests */ = {
			isa = PBXNativeTarget;
			buildConfigurationList = B5CB66641B4E88E800350DA6 /* Build configuration list for PBXNativeTarget "animationDemoTests" */;
			buildPhases = (
				B5CB66531B4E88E800350DA6 /* Sources */,
				B5CB66541B4E88E800350DA6 /* Frameworks */,
				B5CB66551B4E88E800350DA6 /* Resources */,
			);
			buildRules = (
			);
			dependencies = (
				B5CB66591B4E88E800350DA6 /* PBXTargetDependency */,
			);
			name = animationDemoTests;
			productName = animationDemoTests;
			productReference = B5CB66571B4E88E800350DA6 /* animationDemoTests.xctest */;
			productType = "com.apple.product-type.bundle.unit-test";
		};
/* End PBXNativeTarget section */

/* Begin PBXProject section */
		B5CB66361B4E88E800350DA6 /* Project object */ = {
			isa = PBXProject;
			attributes = {
				LastUpgradeCheck = 0630;
				ORGANIZATIONNAME = cpttm;
				TargetAttributes = {
					B5CB663D1B4E88E800350DA6 = {
						CreatedOnToolsVersion = 6.3.2;
					};
					B5CB66561B4E88E800350DA6 = {
						CreatedOnToolsVersion = 6.3.2;
						TestTargetID = B5CB663D1B4E88E800350DA6;
					};
				};
			};
			buildConfigurationList = B5CB66391B4E88E800350DA6 /* Build configuration list for PBXProject "animationDemo" */;
			compatibilityVersion = "Xcode 3.2";
			developmentRegion = English;
			hasScannedForEncodings = 0;
			knownRegions = (
				en,
				Base,
			);
			mainGroup = B5CB66351B4E88E800350DA6;
			productRefGroup = B5CB663F1B4E88E800350DA6 /* Products */;
			projectDirPath = "";
			projectRoot = "";
			targets = (
				B5CB663D1B4E88E800350DA6 /* animationDemo */,
				B5CB66561B4E88E800350DA6 /* animationDemoTests */,
			);
		};
/* End PBXProject section */

/* Begin PBXResourcesBuildPhase section */
		B5CB663C1B4E88E800350DA6 /* Resources */ = {
			isa = PBXResourcesBuildPhase;
			buildActionMask = 2147483647;
			files = (
				B5CB664D1B4E88E800350DA6 /* Main.storyboard in Resources */,
				B5CB66521B4E88E800350DA6 /* LaunchScreen.xib in Resources */,
				B5CB664F1B4E88E800350DA6 /* Images.xcassets in Resources */,
			);
			runOnlyForDeploymentPostprocessing = 0;
		};
		B5CB66551B4E88E800350DA6 /* Resources */ = {
			isa = PBXResourcesBuildPhase;
			buildActionMask = 2147483647;
			files = (
			);
			runOnlyForDeploymentPostprocessing = 0;
		};
/* End PBXResourcesBuildPhase section */

/* Begin PBXSourcesBuildPhase section */
		B5CB663A1B4E88E800350DA6 /* Sources */ = {
			isa = PBXSourcesBuildPhase;
			buildActionMask = 2147483647;
			files = (
				B5CB664A1B4E88E800350DA6 /* ViewController.m in Sources */,
				B5CB66471B4E88E800350DA6 /* AppDelegate.m in Sources */,
				B5CB66441B4E88E800350DA6 /* main.m in Sources */,
			);
			runOnlyForDeploymentPostprocessing = 0;
		};
		B5CB66531B4E88E800350DA6 /* Sources */ = {
			isa = PBXSourcesBuildPhase;
			buildActionMask = 2147483647;
			files = (
				B5CB665E1B4E88E800350DA6 /* animationDemoTests.m in Sources */,
			);
			runOnlyForDeploymentPostprocessing = 0;
		};
/* End PBXSourcesBuildPhase section */

/* Begin PBXTargetDependency section */
		B5CB66591B4E88E800350DA6 /* PBXTargetDependency */ = {
			isa = PBXTargetDependency;
			target = B5CB663D1B4E88E800350DA6 /* animationDemo */;
			targetProxy = B5CB66581B4E88E800350DA6 /* PBXContainerItemProxy */;
		};
/* End PBXTargetDependency section */

/* Begin PBXVariantGroup section */
		B5CB664B1B4E88E800350DA6 /* Main.storyboard */ = {
			isa = PBXVariantGroup;
			children = (
				B5CB664C1B4E88E800350DA6 /* Base */,
			);
			name = Main.storyboard;
			sourceTree = "<group>";
		};
		B5CB66501B4E88E800350DA6 /* LaunchScreen.xib */ = {
			isa = PBXVariantGroup;
			children = (
				B5CB66511B4E88E800350DA6 /* Base */,
			);
			name = LaunchScreen.xib;
			sourceTree = "<group>";
		};
/* End PBXVariantGroup section */

/* Begin XCBuildConfiguration section */
		B5CB665F1B4E88E800350DA6 /* Debug */ = {
			isa = XCBuildConfiguration;
			buildSettings = {
				ALWAYS_SEARCH_USER_PATHS = NO;
				CLANG_CXX_LANGUAGE_STANDARD = "gnu++0x";
				CLANG_CXX_LIBRARY = "libc++";
				CLANG_ENABLE_MODULES = YES;
				CLANG_ENABLE_OBJC_ARC = YES;
				CLANG_WARN_BOOL_CONVERSION = YES;
				CLANG_WARN_CONSTANT_CONVERSION = YES;
				CLANG_WARN_DIRECT_OBJC_ISA_USAGE = YES_ERROR;
				CLANG_WARN_EMPTY_BODY = YES;
				CLANG_WARN_ENUM_CONVERSION = YES;
				CLANG_WARN_INT_CONVERSION = YES;
				CLANG_WARN_OBJC_ROOT_CLASS = YES_ERROR;
				CLANG_WARN_UNREACHABLE_CODE = YES;
				CLANG_WARN__DUPLICATE_METHOD_MATCH = YES;
				"CODE_SIGN_IDENTITY[sdk=iphoneos*]" = "iPhone Developer";
				COPY_PHASE_STRIP = NO;
				DEBUG_INFORMATION_FORMAT = "dwarf-with-dsym";
				ENABLE_STRICT_OBJC_MSGSEND = YES;
				GCC_C_LANGUAGE_STANDARD = gnu99;
				GCC_DYNAMIC_NO_PIC = NO;
				GCC_NO_COMMON_BLOCKS = YES;
				GCC_OPTIMIZATION_LEVEL = 0;
				GCC_PREPROCESSOR_DEFINITIONS = (
					"DEBUG=1",
					"$(inherited)",
				);
				GCC_SYMBOLS_PRIVATE_EXTERN = NO;
				GCC_WARN_64_TO_32_BIT_CONVERSION = YES;
				GCC_WARN_ABOUT_RETURN_TYPE = YES_ERROR;
				GCC_WARN_UNDECLARED_SELECTOR = YES;
				GCC_WARN_UNINITIALIZED_AUTOS = YES_AGGRESSIVE;
				GCC_WARN_UNUSED_FUNCTION = YES;
				GCC_WARN_UNUSED_VARIABLE = YES;
				IPHONEOS_DEPLOYMENT_TARGET = 8.3;
				MTL_ENABLE_DEBUG_INFO = YES;
				ONLY_ACTIVE_ARCH = YES;
				SDKROOT = iphoneos;
			};
			name = Debug;
		};
		B5CB66601B4E88E800350DA6 /* Release */ = {
			isa = XCBuildConfiguration;
			buildSettings = {
				ALWAYS_SEARCH_USER_PATHS = NO;
				CLANG_CXX_LANGUAGE_STANDARD = "gnu++0x";
				CLANG_CXX_LIBRARY = "libc++";
				CLANG_ENABLE_MODULES = YES;
				CLANG_ENABLE_OBJC_ARC = YES;
				CLANG_WARN_BOOL_CONVERSION = YES;
				CLANG_WARN_CONSTANT_CONVERSION = YES;
				CLANG_WARN_DIRECT_OBJC_ISA_USAGE = YES_ERROR;
				CLANG_WARN_EMPTY_BODY = YES;
				CLANG_WARN_ENUM_CONVERSION = YES;
				CLANG_WARN_INT_CONVERSION = YES;
				CLANG_WARN_OBJC_ROOT_CLASS = YES_ERROR;
				CLANG_WARN_UNREACHABLE_CODE = YES;
				CLANG_WARN__DUPLICATE_METHOD_MATCH = YES;
				"CODE_SIGN_IDENTITY[sdk=iphoneos*]" = "iPhone Developer";
				COPY_PHASE_STRIP = NO;
				DEBUG_INFORMATION_FORMAT = "dwarf-with-dsym";
				ENABLE_NS_ASSERTIONS = NO;
				ENABLE_STRICT_OBJC_MSGSEND = YES;
				GCC_C_LANGUAGE_STANDARD = gnu99;
				GCC_NO_COMMON_BLOCKS = YES;
				GCC_WARN_64_TO_32_BIT_CONVERSION = YES;
				GCC_WARN_ABOUT_RETURN_TYPE = YES_ERROR;
				GCC_WARN_UNDECLARED_SELECTOR = YES;
				GCC_WARN_UNINITIALIZED_AUTOS = YES_AGGRESSIVE;
				GCC_WARN_UNUSED_FUNCTION = YES;
				GCC_WARN_UNUSED_VARIABLE = YES;
				IPHONEOS_DEPLOYMENT_TARGET = 8.3;
				MTL_ENABLE_DEBUG_INFO = NO;
				SDKROOT = iphoneos;
				VALIDATE_PRODUCT = YES;
			};
			name = Release;
		};
		B5CB66621B4E88E800350DA6 /* Debug */ = {
			isa = XCBuildConfiguration;
			buildSettings = {
				ASSETCATALOG_COMPILER_APPICON_NAME = AppIcon;
				INFOPLIST_FILE = animationDemo/Info.plist;
				LD_RUNPATH_SEARCH_PATHS = "$(inherited) @executable_path/Frameworks";
				PRODUCT_NAME = "$(TARGET_NAME)";
			};
			name = Debug;
		};
		B5CB66631B4E88E800350DA6 /* Release */ = {
			isa = XCBuildConfiguration;
			buildSettings = {
				ASSETCATALOG_COMPILER_APPICON_NAME = AppIcon;
				INFOPLIST_FILE = animationDemo/Info.plist;
				LD_RUNPATH_SEARCH_PATHS = "$(inherited) @executable_path/Frameworks";
				PRODUCT_NAME = "$(TARGET_NAME)";
			};
			name = Release;
		};
		B5CB66651B4E88E800350DA6 /* Debug */ = {
			isa = XCBuildConfiguration;
			buildSettings = {
				BUNDLE_LOADER = "$(TEST_HOST)";
				FRAMEWORK_SEARCH_PATHS = (
					"$(SDKROOT)/Developer/Library/Frameworks",
					"$(inherited)",
				);
				GCC_PREPROCESSOR_DEFINITIONS = (
					"DEBUG=1",
					"$(inherited)",
				);
				INFOPLIST_FILE = animationDemoTests/Info.plist;
				LD_RUNPATH_SEARCH_PATHS = "$(inherited) @executable_path/Frameworks @loader_path/Frameworks";
				PRODUCT_NAME = "$(TARGET_NAME)";
				TEST_HOST = "$(BUILT_PRODUCTS_DIR)/animationDemo.app/animationDemo";
			};
			name = Debug;
		};
		B5CB66661B4E88E800350DA6 /* Release */ = {
			isa = XCBuildConfiguration;
			buildSettings = {
				BUNDLE_LOADER = "$(TEST_HOST)";
				FRAMEWORK_SEARCH_PATHS = (
					"$(SDKROOT)/Developer/Library/Frameworks",
					"$(inherited)",
				);
				INFOPLIST_FILE = animationDemoTests/Info.plist;
				LD_RUNPATH_SEARCH_PATHS = "$(inherited) @executable_path/Frameworks @loader_path/Frameworks";
				PRODUCT_NAME = "$(TARGET_NAME)";
				TEST_HOST = "$(BUILT_PRODUCTS_DIR)/animationDemo.app/animationDemo";
			};
			name = Release;
		};
/* End XCBuildConfiguration section */

/* Begin XCConfigurationList section */
		B5CB66391B4E88E800350DA6 /* Build configuration list for PBXProject "animationDemo" */ = {
			isa = XCConfigurationList;
			buildConfigurations = (
				B5CB665F1B4E88E800350DA6 /* Debug */,
				B5CB66601B4E88E800350DA6 /* Release */,
			);
			defaultConfigurationIsVisible = 0;
			defaultConfigurationName = Release;
		};
		B5CB66611B4E88E800350DA6 /* Build configuration list for PBXNativeTarget "animationDemo" */ = {
			isa = XCConfigurationList;
			buildConfigurations = (
				B5CB66621B4E88E800350DA6 /* Debug */,
				B5CB66631B4E88E800350DA6 /* Release */,
			);
			defaultConfigurationIsVisible = 0;
		};
		B5CB66641B4E88E800350DA6 /* Build configuration list for PBXNativeTarget "animationDemoTests" */ = {
			isa = XCConfigurationList;
			buildConfigurations = (
				B5CB66651B4E88E800350DA6 /* Debug */,
				B5CB66661B4E88E800350DA6 /* Release */,
			);
			defaultConfigurationIsVisible = 0;
		};
/* End XCConfigurationList section */
	};
	rootObject = B5CB66361B4E88E800350DA6 /* Project object */;
}
