// !$*UTF8*$!
{
	archiveVersion = 1;
	classes = {
	};
	objectVersion = 46;
	objects = {

/* Begin PBXBuildFile section */
		B5AC3C5E1BC3EDC200196571 /* main.m in Sources */ = {isa = PBXBuildFile; fileRef = B5AC3C5D1BC3EDC200196571 /* main.m */; };
		B5AC3C611BC3EDC200196571 /* AppDelegate.m in Sources */ = {isa = PBXBuildFile; fileRef = B5AC3C601BC3EDC200196571 /* AppDelegate.m */; };
		B5AC3C641BC3EDC200196571 /* ViewController.m in Sources */ = {isa = PBXBuildFile; fileRef = B5AC3C631BC3EDC200196571 /* ViewController.m */; };
		B5AC3C671BC3EDC200196571 /* Main.storyboard in Resources */ = {isa = PBXBuildFile; fileRef = B5AC3C651BC3EDC200196571 /* Main.storyboard */; };
		B5AC3C691BC3EDC200196571 /* Assets.xcassets in Resources */ = {isa = PBXBuildFile; fileRef = B5AC3C681BC3EDC200196571 /* Assets.xcassets */; };
		B5AC3C6C1BC3EDC200196571 /* LaunchScreen.storyboard in Resources */ = {isa = PBXBuildFile; fileRef = B5AC3C6A1BC3EDC200196571 /* LaunchScreen.storyboard */; };
		B5AC3C771BC3EDC200196571 /* TabBarControllerDemoTests.m in Sources */ = {isa = PBXBuildFile; fileRef = B5AC3C761BC3EDC200196571 /* TabBarControllerDemoTests.m */; };
		B5AC3C821BC3EDC200196571 /* TabBarControllerDemoUITests.m in Sources */ = {isa = PBXBuildFile; fileRef = B5AC3C811BC3EDC200196571 /* TabBarControllerDemoUITests.m */; };
		B5AC3C911BC3F35400196571 /* MyTabBarController.m in Sources */ = {isa = PBXBuildFile; fileRef = B5AC3C901BC3F35400196571 /* MyTabBarController.m */; settings = {ASSET_TAGS = (); }; };
/* End PBXBuildFile section */

/* Begin PBXContainerItemProxy section */
		B5AC3C731BC3EDC200196571 /* PBXContainerItemProxy */ = {
			isa = PBXContainerItemProxy;
			containerPortal = B5AC3C511BC3EDC200196571 /* Project object */;
			proxyType = 1;
			remoteGlobalIDString = B5AC3C581BC3EDC200196571;
			remoteInfo = TabBarControllerDemo;
		};
		B5AC3C7E1BC3EDC200196571 /* PBXContainerItemProxy */ = {
			isa = PBXContainerItemProxy;
			containerPortal = B5AC3C511BC3EDC200196571 /* Project object */;
			proxyType = 1;
			remoteGlobalIDString = B5AC3C581BC3EDC200196571;
			remoteInfo = TabBarControllerDemo;
		};
/* End PBXContainerItemProxy section */

/* Begin PBXFileReference section */
		B5AC3C591BC3EDC200196571 /* TabBarControllerDemo.app */ = {isa = PBXFileReference; explicitFileType = wrapper.application; includeInIndex = 0; path = TabBarControllerDemo.app; sourceTree = BUILT_PRODUCTS_DIR; };
		B5AC3C5D1BC3EDC200196571 /* main.m */ = {isa = PBXFileReference; lastKnownFileType = sourcecode.c.objc; path = main.m; sourceTree = "<group>"; };
		B5AC3C5F1BC3EDC200196571 /* AppDelegate.h */ = {isa = PBXFileReference; lastKnownFileType = sourcecode.c.h; path = AppDelegate.h; sourceTree = "<group>"; };
		B5AC3C601BC3EDC200196571 /* AppDelegate.m */ = {isa = PBXFileReference; lastKnownFileType = sourcecode.c.objc; path = AppDelegate.m; sourceTree = "<group>"; };
		B5AC3C621BC3EDC200196571 /* ViewController.h */ = {isa = PBXFileReference; lastKnownFileType = sourcecode.c.h; path = ViewController.h; sourceTree = "<group>"; };
		B5AC3C631BC3EDC200196571 /* ViewController.m */ = {isa = PBXFileReference; lastKnownFileType = sourcecode.c.objc; path = ViewController.m; sourceTree = "<group>"; };
		B5AC3C661BC3EDC200196571 /* Base */ = {isa = PBXFileReference; lastKnownFileType = file.storyboard; name = Base; path = Base.lproj/Main.storyboard; sourceTree = "<group>"; };
		B5AC3C681BC3EDC200196571 /* Assets.xcassets */ = {isa = PBXFileReference; lastKnownFileType = folder.assetcatalog; path = Assets.xcassets; sourceTree = "<group>"; };
		B5AC3C6B1BC3EDC200196571 /* Base */ = {isa = PBXFileReference; lastKnownFileType = file.storyboard; name = Base; path = Base.lproj/LaunchScreen.storyboard; sourceTree = "<group>"; };
		B5AC3C6D1BC3EDC200196571 /* Info.plist */ = {isa = PBXFileReference; lastKnownFileType = text.plist.xml; path = Info.plist; sourceTree = "<group>"; };
		B5AC3C721BC3EDC200196571 /* TabBarControllerDemoTests.xctest */ = {isa = PBXFileReference; explicitFileType = wrapper.cfbundle; includeInIndex = 0; path = TabBarControllerDemoTests.xctest; sourceTree = BUILT_PRODUCTS_DIR; };
		B5AC3C761BC3EDC200196571 /* TabBarControllerDemoTests.m */ = {isa = PBXFileReference; lastKnownFileType = sourcecode.c.objc; path = TabBarControllerDemoTests.m; sourceTree = "<group>"; };
		B5AC3C781BC3EDC200196571 /* Info.plist */ = {isa = PBXFileReference; lastKnownFileType = text.plist.xml; path = Info.plist; sourceTree = "<group>"; };
		B5AC3C7D1BC3EDC200196571 /* TabBarControllerDemoUITests.xctest */ = {isa = PBXFileReference; explicitFileType = wrapper.cfbundle; includeInIndex = 0; path = TabBarControllerDemoUITests.xctest; sourceTree = BUILT_PRODUCTS_DIR; };
		B5AC3C811BC3EDC200196571 /* TabBarControllerDemoUITests.m */ = {isa = PBXFileReference; lastKnownFileType = sourcecode.c.objc; path = TabBarControllerDemoUITests.m; sourceTree = "<group>"; };
		B5AC3C831BC3EDC200196571 /* Info.plist */ = {isa = PBXFileReference; lastKnownFileType = text.plist.xml; path = Info.plist; sourceTree = "<group>"; };
		B5AC3C8F1BC3F35400196571 /* MyTabBarController.h */ = {isa = PBXFileReference; fileEncoding = 4; lastKnownFileType = sourcecode.c.h; path = MyTabBarController.h; sourceTree = "<group>"; };
		B5AC3C901BC3F35400196571 /* MyTabBarController.m */ = {isa = PBXFileReference; fileEncoding = 4; lastKnownFileType = sourcecode.c.objc; path = MyTabBarController.m; sourceTree = "<group>"; };
/* End PBXFileReference section */

/* Begin PBXFrameworksBuildPhase section */
		B5AC3C561BC3EDC200196571 /* Frameworks */ = {
			isa = PBXFrameworksBuildPhase;
			buildActionMask = 2147483647;
			files = (
			);
			runOnlyForDeploymentPostprocessing = 0;
		};
		B5AC3C6F1BC3EDC200196571 /* Frameworks */ = {
			isa = PBXFrameworksBuildPhase;
			buildActionMask = 2147483647;
			files = (
			);
			runOnlyForDeploymentPostprocessing = 0;
		};
		B5AC3C7A1BC3EDC200196571 /* Frameworks */ = {
			isa = PBXFrameworksBuildPhase;
			buildActionMask = 2147483647;
			files = (
			);
			runOnlyForDeploymentPostprocessing = 0;
		};
/* End PBXFrameworksBuildPhase section */

/* Begin PBXGroup section */
		B5AC3C501BC3EDC200196571 = {
			isa = PBXGroup;
			children = (
				B5AC3C5B1BC3EDC200196571 /* TabBarControllerDemo */,
				B5AC3C751BC3EDC200196571 /* TabBarControllerDemoTests */,
				B5AC3C801BC3EDC200196571 /* TabBarControllerDemoUITests */,
				B5AC3C5A1BC3EDC200196571 /* Products */,
			);
			sourceTree = "<group>";
		};
		B5AC3C5A1BC3EDC200196571 /* Products */ = {
			isa = PBXGroup;
			children = (
				B5AC3C591BC3EDC200196571 /* TabBarControllerDemo.app */,
				B5AC3C721BC3EDC200196571 /* TabBarControllerDemoTests.xctest */,
				B5AC3C7D1BC3EDC200196571 /* TabBarControllerDemoUITests.xctest */,
			);
			name = Products;
			sourceTree = "<group>";
		};
		B5AC3C5B1BC3EDC200196571 /* TabBarControllerDemo */ = {
			isa = PBXGroup;
			children = (
				B5AC3C5F1BC3EDC200196571 /* AppDelegate.h */,
				B5AC3C601BC3EDC200196571 /* AppDelegate.m */,
				B5AC3C621BC3EDC200196571 /* ViewController.h */,
				B5AC3C631BC3EDC200196571 /* ViewController.m */,
				B5AC3C651BC3EDC200196571 /* Main.storyboard */,
				B5AC3C8F1BC3F35400196571 /* MyTabBarController.h */,
				B5AC3C901BC3F35400196571 /* MyTabBarController.m */,
				B5AC3C681BC3EDC200196571 /* Assets.xcassets */,
				B5AC3C6A1BC3EDC200196571 /* LaunchScreen.storyboard */,
				B5AC3C6D1BC3EDC200196571 /* Info.plist */,
				B5AC3C5C1BC3EDC200196571 /* Supporting Files */,
			);
			path = TabBarControllerDemo;
			sourceTree = "<group>";
		};
		B5AC3C5C1BC3EDC200196571 /* Supporting Files */ = {
			isa = PBXGroup;
			children = (
				B5AC3C5D1BC3EDC200196571 /* main.m */,
			);
			name = "Supporting Files";
			sourceTree = "<group>";
		};
		B5AC3C751BC3EDC200196571 /* TabBarControllerDemoTests */ = {
			isa = PBXGroup;
			children = (
				B5AC3C761BC3EDC200196571 /* TabBarControllerDemoTests.m */,
				B5AC3C781BC3EDC200196571 /* Info.plist */,
			);
			path = TabBarControllerDemoTests;
			sourceTree = "<group>";
		};
		B5AC3C801BC3EDC200196571 /* TabBarControllerDemoUITests */ = {
			isa = PBXGroup;
			children = (
				B5AC3C811BC3EDC200196571 /* TabBarControllerDemoUITests.m */,
				B5AC3C831BC3EDC200196571 /* Info.plist */,
			);
			path = TabBarControllerDemoUITests;
			sourceTree = "<group>";
		};
/* End PBXGroup section */

/* Begin PBXNativeTarget section */
		B5AC3C581BC3EDC200196571 /* TabBarControllerDemo */ = {
			isa = PBXNativeTarget;
			buildConfigurationList = B5AC3C861BC3EDC200196571 /* Build configuration list for PBXNativeTarget "TabBarControllerDemo" */;
			buildPhases = (
				B5AC3C551BC3EDC200196571 /* Sources */,
				B5AC3C561BC3EDC200196571 /* Frameworks */,
				B5AC3C571BC3EDC200196571 /* Resources */,
			);
			buildRules = (
			);
			dependencies = (
			);
			name = TabBarControllerDemo;
			productName = TabBarControllerDemo;
			productReference = B5AC3C591BC3EDC200196571 /* TabBarControllerDemo.app */;
			productType = "com.apple.product-type.application";
		};
		B5AC3C711BC3EDC200196571 /* TabBarControllerDemoTests */ = {
			isa = PBXNativeTarget;
			buildConfigurationList = B5AC3C891BC3EDC200196571 /* Build configuration list for PBXNativeTarget "TabBarControllerDemoTests" */;
			buildPhases = (
				B5AC3C6E1BC3EDC200196571 /* Sources */,
				B5AC3C6F1BC3EDC200196571 /* Frameworks */,
				B5AC3C701BC3EDC200196571 /* Resources */,
			);
			buildRules = (
			);
			dependencies = (
				B5AC3C741BC3EDC200196571 /* PBXTargetDependency */,
			);
			name = TabBarControllerDemoTests;
			productName = TabBarControllerDemoTests;
			productReference = B5AC3C721BC3EDC200196571 /* TabBarControllerDemoTests.xctest */;
			productType = "com.apple.product-type.bundle.unit-test";
		};
		B5AC3C7C1BC3EDC200196571 /* TabBarControllerDemoUITests */ = {
			isa = PBXNativeTarget;
			buildConfigurationList = B5AC3C8C1BC3EDC200196571 /* Build configuration list for PBXNativeTarget "TabBarControllerDemoUITests" */;
			buildPhases = (
				B5AC3C791BC3EDC200196571 /* Sources */,
				B5AC3C7A1BC3EDC200196571 /* Frameworks */,
				B5AC3C7B1BC3EDC200196571 /* Resources */,
			);
			buildRules = (
			);
			dependencies = (
				B5AC3C7F1BC3EDC200196571 /* PBXTargetDependency */,
			);
			name = TabBarControllerDemoUITests;
			productName = TabBarControllerDemoUITests;
			productReference = B5AC3C7D1BC3EDC200196571 /* TabBarControllerDemoUITests.xctest */;
			productType = "com.apple.product-type.bundle.ui-testing";
		};
/* End PBXNativeTarget section */

/* Begin PBXProject section */
		B5AC3C511BC3EDC200196571 /* Project object */ = {
			isa = PBXProject;
			attributes = {
				LastUpgradeCheck = 0700;
				ORGANIZATIONNAME = cpttm;
				TargetAttributes = {
					B5AC3C581BC3EDC200196571 = {
						CreatedOnToolsVersion = 7.0;
					};
					B5AC3C711BC3EDC200196571 = {
						CreatedOnToolsVersion = 7.0;
						TestTargetID = B5AC3C581BC3EDC200196571;
					};
					B5AC3C7C1BC3EDC200196571 = {
						CreatedOnToolsVersion = 7.0;
						TestTargetID = B5AC3C581BC3EDC200196571;
					};
				};
			};
			buildConfigurationList = B5AC3C541BC3EDC200196571 /* Build configuration list for PBXProject "TabBarControllerDemo" */;
			compatibilityVersion = "Xcode 3.2";
			developmentRegion = English;
			hasScannedForEncodings = 0;
			knownRegions = (
				en,
				Base,
			);
			mainGroup = B5AC3C501BC3EDC200196571;
			productRefGroup = B5AC3C5A1BC3EDC200196571 /* Products */;
			projectDirPath = "";
			projectRoot = "";
			targets = (
				B5AC3C581BC3EDC200196571 /* TabBarControllerDemo */,
				B5AC3C711BC3EDC200196571 /* TabBarControllerDemoTests */,
				B5AC3C7C1BC3EDC200196571 /* TabBarControllerDemoUITests */,
			);
		};
/* End PBXProject section */

/* Begin PBXResourcesBuildPhase section */
		B5AC3C571BC3EDC200196571 /* Resources */ = {
			isa = PBXResourcesBuildPhase;
			buildActionMask = 2147483647;
			files = (
				B5AC3C6C1BC3EDC200196571 /* LaunchScreen.storyboard in Resources */,
				B5AC3C691BC3EDC200196571 /* Assets.xcassets in Resources */,
				B5AC3C671BC3EDC200196571 /* Main.storyboard in Resources */,
			);
			runOnlyForDeploymentPostprocessing = 0;
		};
		B5AC3C701BC3EDC200196571 /* Resources */ = {
			isa = PBXResourcesBuildPhase;
			buildActionMask = 2147483647;
			files = (
			);
			runOnlyForDeploymentPostprocessing = 0;
		};
		B5AC3C7B1BC3EDC200196571 /* Resources */ = {
			isa = PBXResourcesBuildPhase;
			buildActionMask = 2147483647;
			files = (
			);
			runOnlyForDeploymentPostprocessing = 0;
		};
/* End PBXResourcesBuildPhase section */

/* Begin PBXSourcesBuildPhase section */
		B5AC3C551BC3EDC200196571 /* Sources */ = {
			isa = PBXSourcesBuildPhase;
			buildActionMask = 2147483647;
			files = (
				B5AC3C641BC3EDC200196571 /* ViewController.m in Sources */,
				B5AC3C911BC3F35400196571 /* MyTabBarController.m in Sources */,
				B5AC3C611BC3EDC200196571 /* AppDelegate.m in Sources */,
				B5AC3C5E1BC3EDC200196571 /* main.m in Sources */,
			);
			runOnlyForDeploymentPostprocessing = 0;
		};
		B5AC3C6E1BC3EDC200196571 /* Sources */ = {
			isa = PBXSourcesBuildPhase;
			buildActionMask = 2147483647;
			files = (
				B5AC3C771BC3EDC200196571 /* TabBarControllerDemoTests.m in Sources */,
			);
			runOnlyForDeploymentPostprocessing = 0;
		};
		B5AC3C791BC3EDC200196571 /* Sources */ = {
			isa = PBXSourcesBuildPhase;
			buildActionMask = 2147483647;
			files = (
				B5AC3C821BC3EDC200196571 /* TabBarControllerDemoUITests.m in Sources */,
			);
			runOnlyForDeploymentPostprocessing = 0;
		};
/* End PBXSourcesBuildPhase section */

/* Begin PBXTargetDependency section */
		B5AC3C741BC3EDC200196571 /* PBXTargetDependency */ = {
			isa = PBXTargetDependency;
			target = B5AC3C581BC3EDC200196571 /* TabBarControllerDemo */;
			targetProxy = B5AC3C731BC3EDC200196571 /* PBXContainerItemProxy */;
		};
		B5AC3C7F1BC3EDC200196571 /* PBXTargetDependency */ = {
			isa = PBXTargetDependency;
			target = B5AC3C581BC3EDC200196571 /* TabBarControllerDemo */;
			targetProxy = B5AC3C7E1BC3EDC200196571 /* PBXContainerItemProxy */;
		};
/* End PBXTargetDependency section */

/* Begin PBXVariantGroup section */
		B5AC3C651BC3EDC200196571 /* Main.storyboard */ = {
			isa = PBXVariantGroup;
			children = (
				B5AC3C661BC3EDC200196571 /* Base */,
			);
			name = Main.storyboard;
			sourceTree = "<group>";
		};
		B5AC3C6A1BC3EDC200196571 /* LaunchScreen.storyboard */ = {
			isa = PBXVariantGroup;
			children = (
				B5AC3C6B1BC3EDC200196571 /* Base */,
			);
			name = LaunchScreen.storyboard;
			sourceTree = "<group>";
		};
/* End PBXVariantGroup section */

/* Begin XCBuildConfiguration section */
		B5AC3C841BC3EDC200196571 /* Debug */ = {
			isa = XCBuildConfiguration;
			buildSettings = {
				ALWAYS_SEARCH_USER_PATHS = NO;
				CLANG_CXX_LANGUAGE_STANDARD = "gnu++0x";
				CLANG_CXX_LIBRARY = "libc++";
				CLANG_ENABLE_MODULES = YES;
				CLANG_ENABLE_OBJC_ARC = YES;
				CLANG_WARN_BOOL_CONVERSION = YES;
				CLANG_WARN_CONSTANT_CONVERSION = YES;
				CLANG_WARN_DIRECT_OBJC_ISA_USAGE = YES_ERROR;
				CLANG_WARN_EMPTY_BODY = YES;
				CLANG_WARN_ENUM_CONVERSION = YES;
				CLANG_WARN_INT_CONVERSION = YES;
				CLANG_WARN_OBJC_ROOT_CLASS = YES_ERROR;
				CLANG_WARN_UNREACHABLE_CODE = YES;
				CLANG_WARN__DUPLICATE_METHOD_MATCH = YES;
				"CODE_SIGN_IDENTITY[sdk=iphoneos*]" = "iPhone Developer";
				COPY_PHASE_STRIP = NO;
				DEBUG_INFORMATION_FORMAT = dwarf;
				ENABLE_STRICT_OBJC_MSGSEND = YES;
				ENABLE_TESTABILITY = YES;
				GCC_C_LANGUAGE_STANDARD = gnu99;
				GCC_DYNAMIC_NO_PIC = NO;
				GCC_NO_COMMON_BLOCKS = YES;
				GCC_OPTIMIZATION_LEVEL = 0;
				GCC_PREPROCESSOR_DEFINITIONS = (
					"DEBUG=1",
					"$(inherited)",
				);
				GCC_WARN_64_TO_32_BIT_CONVERSION = YES;
				GCC_WARN_ABOUT_RETURN_TYPE = YES_ERROR;
				GCC_WARN_UNDECLARED_SELECTOR = YES;
				GCC_WARN_UNINITIALIZED_AUTOS = YES_AGGRESSIVE;
				GCC_WARN_UNUSED_FUNCTION = YES;
				GCC_WARN_UNUSED_VARIABLE = YES;
				IPHONEOS_DEPLOYMENT_TARGET = 9.0;
				MTL_ENABLE_DEBUG_INFO = YES;
				ONLY_ACTIVE_ARCH = YES;
				SDKROOT = iphoneos;
			};
			name = Debug;
		};
		B5AC3C851BC3EDC200196571 /* Release */ = {
			isa = XCBuildConfiguration;
			buildSettings = {
				ALWAYS_SEARCH_USER_PATHS = NO;
				CLANG_CXX_LANGUAGE_STANDARD = "gnu++0x";
				CLANG_CXX_LIBRARY = "libc++";
				CLANG_ENABLE_MODULES = YES;
				CLANG_ENABLE_OBJC_ARC = YES;
				CLANG_WARN_BOOL_CONVERSION = YES;
				CLANG_WARN_CONSTANT_CONVERSION = YES;
				CLANG_WARN_DIRECT_OBJC_ISA_USAGE = YES_ERROR;
				CLANG_WARN_EMPTY_BODY = YES;
				CLANG_WARN_ENUM_CONVERSION = YES;
				CLANG_WARN_INT_CONVERSION = YES;
				CLANG_WARN_OBJC_ROOT_CLASS = YES_ERROR;
				CLANG_WARN_UNREACHABLE_CODE = YES;
				CLANG_WARN__DUPLICATE_METHOD_MATCH = YES;
				"CODE_SIGN_IDENTITY[sdk=iphoneos*]" = "iPhone Developer";
				COPY_PHASE_STRIP = NO;
				DEBUG_INFORMATION_FORMAT = "dwarf-with-dsym";
				ENABLE_NS_ASSERTIONS = NO;
				ENABLE_STRICT_OBJC_MSGSEND = YES;
				GCC_C_LANGUAGE_STANDARD = gnu99;
				GCC_NO_COMMON_BLOCKS = YES;
				GCC_WARN_64_TO_32_BIT_CONVERSION = YES;
				GCC_WARN_ABOUT_RETURN_TYPE = YES_ERROR;
				GCC_WARN_UNDECLARED_SELECTOR = YES;
				GCC_WARN_UNINITIALIZED_AUTOS = YES_AGGRESSIVE;
				GCC_WARN_UNUSED_FUNCTION = YES;
				GCC_WARN_UNUSED_VARIABLE = YES;
				IPHONEOS_DEPLOYMENT_TARGET = 9.0;
				MTL_ENABLE_DEBUG_INFO = NO;
				SDKROOT = iphoneos;
				VALIDATE_PRODUCT = YES;
			};
			name = Release;
		};
		B5AC3C871BC3EDC200196571 /* Debug */ = {
			isa = XCBuildConfiguration;
			buildSettings = {
				ASSETCATALOG_COMPILER_APPICON_NAME = AppIcon;
				INFOPLIST_FILE = TabBarControllerDemo/Info.plist;
				IPHONEOS_DEPLOYMENT_TARGET = 7.1;
				LD_RUNPATH_SEARCH_PATHS = "$(inherited) @executable_path/Frameworks";
				PRODUCT_BUNDLE_IDENTIFIER = mo.gov.cpttm.TabBarControllerDemo;
				PRODUCT_NAME = "$(TARGET_NAME)";
			};
			name = Debug;
		};
		B5AC3C881BC3EDC200196571 /* Release */ = {
			isa = XCBuildConfiguration;
			buildSettings = {
				ASSETCATALOG_COMPILER_APPICON_NAME = AppIcon;
				INFOPLIST_FILE = TabBarControllerDemo/Info.plist;
				IPHONEOS_DEPLOYMENT_TARGET = 7.1;
				LD_RUNPATH_SEARCH_PATHS = "$(inherited) @executable_path/Frameworks";
				PRODUCT_BUNDLE_IDENTIFIER = mo.gov.cpttm.TabBarControllerDemo;
				PRODUCT_NAME = "$(TARGET_NAME)";
			};
			name = Release;
		};
		B5AC3C8A1BC3EDC200196571 /* Debug */ = {
			isa = XCBuildConfiguration;
			buildSettings = {
				BUNDLE_LOADER = "$(TEST_HOST)";
				INFOPLIST_FILE = TabBarControllerDemoTests/Info.plist;
				LD_RUNPATH_SEARCH_PATHS = "$(inherited) @executable_path/Frameworks @loader_path/Frameworks";
				PRODUCT_BUNDLE_IDENTIFIER = mo.gov.cpttm.TabBarControllerDemoTests;
				PRODUCT_NAME = "$(TARGET_NAME)";
				TEST_HOST = "$(BUILT_PRODUCTS_DIR)/TabBarControllerDemo.app/TabBarControllerDemo";
			};
			name = Debug;
		};
		B5AC3C8B1BC3EDC200196571 /* Release */ = {
			isa = XCBuildConfiguration;
			buildSettings = {
				BUNDLE_LOADER = "$(TEST_HOST)";
				INFOPLIST_FILE = TabBarControllerDemoTests/Info.plist;
				LD_RUNPATH_SEARCH_PATHS = "$(inherited) @executable_path/Frameworks @loader_path/Frameworks";
				PRODUCT_BUNDLE_IDENTIFIER = mo.gov.cpttm.TabBarControllerDemoTests;
				PRODUCT_NAME = "$(TARGET_NAME)";
				TEST_HOST = "$(BUILT_PRODUCTS_DIR)/TabBarControllerDemo.app/TabBarControllerDemo";
			};
			name = Release;
		};
		B5AC3C8D1BC3EDC200196571 /* Debug */ = {
			isa = XCBuildConfiguration;
			buildSettings = {
				INFOPLIST_FILE = TabBarControllerDemoUITests/Info.plist;
				LD_RUNPATH_SEARCH_PATHS = "$(inherited) @executable_path/Frameworks @loader_path/Frameworks";
				PRODUCT_BUNDLE_IDENTIFIER = mo.gov.cpttm.TabBarControllerDemoUITests;
				PRODUCT_NAME = "$(TARGET_NAME)";
				TEST_TARGET_NAME = TabBarControllerDemo;
				USES_XCTRUNNER = YES;
			};
			name = Debug;
		};
		B5AC3C8E1BC3EDC200196571 /* Release */ = {
			isa = XCBuildConfiguration;
			buildSettings = {
				INFOPLIST_FILE = TabBarControllerDemoUITests/Info.plist;
				LD_RUNPATH_SEARCH_PATHS = "$(inherited) @executable_path/Frameworks @loader_path/Frameworks";
				PRODUCT_BUNDLE_IDENTIFIER = mo.gov.cpttm.TabBarControllerDemoUITests;
				PRODUCT_NAME = "$(TARGET_NAME)";
				TEST_TARGET_NAME = TabBarControllerDemo;
				USES_XCTRUNNER = YES;
			};
			name = Release;
		};
/* End XCBuildConfiguration section */

/* Begin XCConfigurationList section */
		B5AC3C541BC3EDC200196571 /* Build configuration list for PBXProject "TabBarControllerDemo" */ = {
			isa = XCConfigurationList;
			buildConfigurations = (
				B5AC3C841BC3EDC200196571 /* Debug */,
				B5AC3C851BC3EDC200196571 /* Release */,
			);
			defaultConfigurationIsVisible = 0;
			defaultConfigurationName = Release;
		};
		B5AC3C861BC3EDC200196571 /* Build configuration list for PBXNativeTarget "TabBarControllerDemo" */ = {
			isa = XCConfigurationList;
			buildConfigurations = (
				B5AC3C871BC3EDC200196571 /* Debug */,
				B5AC3C881BC3EDC200196571 /* Release */,
			);
			defaultConfigurationIsVisible = 0;
			defaultConfigurationName = Release;
		};
		B5AC3C891BC3EDC200196571 /* Build configuration list for PBXNativeTarget "TabBarControllerDemoTests" */ = {
			isa = XCConfigurationList;
			buildConfigurations = (
				B5AC3C8A1BC3EDC200196571 /* Debug */,
				B5AC3C8B1BC3EDC200196571 /* Release */,
			);
			defaultConfigurationIsVisible = 0;
			defaultConfigurationName = Release;
		};
		B5AC3C8C1BC3EDC200196571 /* Build configuration list for PBXNativeTarget "TabBarControllerDemoUITests" */ = {
			isa = XCConfigurationList;
			buildConfigurations = (
				B5AC3C8D1BC3EDC200196571 /* Debug */,
				B5AC3C8E1BC3EDC200196571 /* Release */,
			);
			defaultConfigurationIsVisible = 0;
			defaultConfigurationName = Release;
		};
/* End XCConfigurationList section */
	};
	rootObject = B5AC3C511BC3EDC200196571 /* Project object */;
}
